PODS:
  - Alamofire (5.10.2)
  - Kingfisher (8.5.0)
  - SwiftyJSON (5.0.2)
  - VLCKit (4.0.0a6)

DEPENDENCIES:
  - Alamofire
  - Kingfisher
  - SwiftyJSON
  - VLCKit (= 4.0.0a6)

SPEC REPOS:
  https://github.com/CocoaPods/Specs.git:
    - Alamofire
    - Kingfisher
    - SwiftyJSON
    - VLCKit

SPEC CHECKSUMS:
  Alamofire: 7193b3b92c74a07f85569e1a6c4f4237291e7496
  Kingfisher: ff0d31a1f07bdff6a1ebb3ba08b8e6e567b6500c
  SwiftyJSON: f5b1bf1cd8dd53cd25887ac0eabcfd92301c6a5a
  VLCKit: 80332c6fbe83e9278aca1b7e27799f2b521a7f76

PODFILE CHECKSUM: e89b56213d11691a2fc869b3c00e5edb2747a571

COCOAPODS: 1.16.2
