// !$*UTF8*$!
{
	archiveVersion = 1;
	classes = {
	};
	objectVersion = 54;
	objects = {

/* Begin PBXBuildFile section */
		060777FCC624E00A8B6C1969 /* NotificationManagerTests.swift in Sources */ = {isa = PBXBuildFile; fileRef = 92384100D50DF2DC8905F7E0 /* NotificationManagerTests.swift */; };
		077FBC6D9ED3D7B92FB5B6A4 /* MockiCloudStore.swift in Sources */ = {isa = PBXBuildFile; fileRef = 108D0B6B7AC28F8A8AB0537A /* MockiCloudStore.swift */; };
		15D70A1F707893C4092119E7 /* FavoritesManagerTests.swift in Sources */ = {isa = PBXBuildFile; fileRef = 6FBA6566986468E56F4F3023 /* FavoritesManagerTests.swift */; };
		170F90E722506E7C00F52BBD /* WebMViewController.swift in Sources */ = {isa = PBXBuildFile; fileRef = 170F90E622506E7C00F52BBD /* WebMViewController.swift */; };
		171A75E32DD6F9FF00D75B34 /* ThreadDataHelper.swift in Sources */ = {isa = PBXBuildFile; fileRef = 171A75E12DD6F9FF00D75B34 /* ThreadDataHelper.swift */; };
		171A75E42DD6F9FF00D75B34 /* AdvancedFilter.swift in Sources */ = {isa = PBXBuildFile; fileRef = 171A75DF2DD6F9FF00D75B34 /* AdvancedFilter.swift */; };
		171A75E52DD6F9FF00D75B34 /* ContentFilterManager.swift in Sources */ = {isa = PBXBuildFile; fileRef = 171A75DE2DD6F9FF00D75B34 /* ContentFilterManager.swift */; };
		171A75E62DD6F9FF00D75B34 /* ThreadCacheManager.swift in Sources */ = {isa = PBXBuildFile; fileRef = 171A75E02DD6F9FF00D75B34 /* ThreadCacheManager.swift */; };
		17FONTSCALEBUILD1234567890 /* FontScaleManager.swift in Sources */ = {isa = PBXBuildFile; fileRef = 17FONTSCALE123456789012 /* FontScaleManager.swift */; };
		17GRIDITEMSIZEBUILD1234 /* GridItemSizeManager.swift in Sources */ = {isa = PBXBuildFile; fileRef = 17GRIDITEMSIZE1234567890 /* GridItemSizeManager.swift */; };
		17GALCELLSZBLD682AB7B18D /* GalleryCellSizeManager.swift in Sources */ = {isa = PBXBuildFile; fileRef = 17GALCELLSZE514C4FCA3407 /* GalleryCellSizeManager.swift */; };
		17THUMBNAILSIZEBUILD1234 /* ThumbnailSizeManager.swift in Sources */ = {isa = PBXBuildFile; fileRef = 17THUMBNAILSIZE1234567890 /* ThumbnailSizeManager.swift */; };
		17HOVERPREVBLD1234567890 /* HoverPreviewManager.swift in Sources */ = {isa = PBXBuildFile; fileRef = 17HOVERPREVM1234567890AB /* HoverPreviewManager.swift */; };
		171A75F42DD7B19600D75B34 /* CategorizedFavoritesViewController.swift in Sources */ = {isa = PBXBuildFile; fileRef = 171A75F32DD7B19600D75B34 /* CategorizedFavoritesViewController.swift */; };
		171A75F62DD7B1D400D75B34 /* CategoryManagerViewController.swift in Sources */ = {isa = PBXBuildFile; fileRef = 171A75F52DD7B1D400D75B34 /* CategoryManagerViewController.swift */; };
		171A76192DD83C6F00D75B34 /* SearchManager.swift in Sources */ = {isa = PBXBuildFile; fileRef = 171A76172DD83C6F00D75B34 /* SearchManager.swift */; };
		171A761A2DD83C6F00D75B34 /* SearchViewController.swift in Sources */ = {isa = PBXBuildFile; fileRef = 171A76182DD83C6F00D75B34 /* SearchViewController.swift */; };
		17SEARCHFILTERSBUILD1234567890 /* SearchFilters.swift in Sources */ = {isa = PBXBuildFile; fileRef = 17SEARCHFILTERS123456789001 /* SearchFilters.swift */; };
		17BOARDPICKERBUILD1234567890 /* BoardPickerViewController.swift in Sources */ = {isa = PBXBuildFile; fileRef = 17BOARDPICKER123456789001 /* BoardPickerViewController.swift */; };
		17SEARCHFILTERSVCBUILD123456789 /* SearchFiltersViewController.swift in Sources */ = {isa = PBXBuildFile; fileRef = 17SEARCHFILTERSVC1234567890 /* SearchFiltersViewController.swift */; };
		171A76AE2DD848FB00D75B34 /* UIImage+Extensions.swift in Sources */ = {isa = PBXBuildFile; fileRef = 171A76AD2DD848FB00D75B34 /* UIImage+Extensions.swift */; };
		17MEDIASETTINGS1234567890AB /* MediaSettings.swift in Sources */ = {isa = PBXBuildFile; fileRef = 17MEDIASETTINGS1234567890AC /* MediaSettings.swift */; };
		171A76B62DD869EA00D75B34 /* ICloudSyncManager.swift in Sources */ = {isa = PBXBuildFile; fileRef = 171A76B52DD869EA00D75B34 /* ICloudSyncManager.swift */; };
		171A76B82DD8725800D75B34 /* ConflictResolutionManager.swift in Sources */ = {isa = PBXBuildFile; fileRef = 171A76B72DD8725800D75B34 /* ConflictResolutionManager.swift */; };
		171A76BA2DD8726100D75B34 /* ConflictResolutionViewController.swift in Sources */ = {isa = PBXBuildFile; fileRef = 171A76B92DD8726100D75B34 /* ConflictResolutionViewController.swift */; };
		171A83492DDD36CC00D75B34 /* boardsTVCell.swift in Sources */ = {isa = PBXBuildFile; fileRef = 171A83482DDD36CC00D75B34 /* boardsTVCell.swift */; };
		171A834A2DDD36CC00D75B34 /* boardsTV.swift in Sources */ = {isa = PBXBuildFile; fileRef = 171A83472DDD36CC00D75B34 /* boardsTV.swift */; };
		176EC63F2245F144009F2A8D /* AppDelegate.swift in Sources */ = {isa = PBXBuildFile; fileRef = 176EC63E2245F144009F2A8D /* AppDelegate.swift */; };
		176EC6462245F145009F2A8D /* Assets.xcassets in Resources */ = {isa = PBXBuildFile; fileRef = 176EC6452245F145009F2A8D /* Assets.xcassets */; };
		176EC6542245F145009F2A8D /* _chanTests.swift in Sources */ = {isa = PBXBuildFile; fileRef = 176EC6532245F145009F2A8D /* _chanTests.swift */; };
		176EC65F2245F145009F2A8D /* _chanUITests.swift in Sources */ = {isa = PBXBuildFile; fileRef = 176EC65E2245F145009F2A8D /* _chanUITests.swift */; };
		17737E2C2CDC6F3600DF0874 /* threadRepliesTV.swift in Sources */ = {isa = PBXBuildFile; fileRef = 17737E2B2CDC6F3600DF0874 /* threadRepliesTV.swift */; };
		17737E2D2CDC6F3600DF0874 /* threadRepliesCell.swift in Sources */ = {isa = PBXBuildFile; fileRef = 17737E2A2CDC6F3600DF0874 /* threadRepliesCell.swift */; };
		17737E2F2CDC6F5000DF0874 /* boardTV.swift in Sources */ = {isa = PBXBuildFile; fileRef = 17737E2E2CDC6F5000DF0874 /* boardTV.swift */; };
		17737E312CDC6F6400DF0874 /* boardTVCell.swift in Sources */ = {isa = PBXBuildFile; fileRef = 17737E302CDC6F6400DF0874 /* boardTVCell.swift */; };
		1A2B3C4D5E6F708190A1B2E2 /* threadCatalogCV.swift in Sources */ = {isa = PBXBuildFile; fileRef = 1A2B3C4D5E6F708190A1B2D2 /* threadCatalogCV.swift */; };
		1A2B3C4D5E6F708190A1B2E3 /* threadCatalogCell.swift in Sources */ = {isa = PBXBuildFile; fileRef = 1A2B3C4D5E6F708190A1B2D3 /* threadCatalogCell.swift */; };
		1A2B3C4D5E6F708190A1B2E1 /* ThreadViewControllerFactory.swift in Sources */ = {isa = PBXBuildFile; fileRef = 1A2B3C4D5E6F708190A1B2D1 /* ThreadViewControllerFactory.swift */; };
		1776B0A82CE307A300B304E7 /* HistoryManager.swift in Sources */ = {isa = PBXBuildFile; fileRef = 1776B0A72CE3079E00B304E7 /* HistoryManager.swift */; };
		177BC7F12CDEC27C000FE370 /* WebMThumbnailCell.swift in Sources */ = {isa = PBXBuildFile; fileRef = 177BC7F02CDEC27A000FE370 /* WebMThumbnailCell.swift */; };
		177BC7F32CDECC2E000FE370 /* ThumbnailGridVC.swift in Sources */ = {isa = PBXBuildFile; fileRef = 177BC7F22CDECC2D000FE370 /* ThumbnailGridVC.swift */; };
		177BC7F52CDECD0B000FE370 /* ImageViewController.swift in Sources */ = {isa = PBXBuildFile; fileRef = 177BC7F42CDECD05000FE370 /* ImageViewController.swift */; };
		17IMAGECROPVC1234567890AB /* ImageCropViewController.swift in Sources */ = {isa = PBXBuildFile; fileRef = 17IMAGECROPVC1234567890AC /* ImageCropViewController.swift */; };
		1781F6472CEEEC7B00CE243D /* boardCVCell.swift in Sources */ = {isa = PBXBuildFile; fileRef = 1781F6452CEEEC7B00CE243D /* boardCVCell.swift */; };
		1781F6482CEEEC7B00CE243D /* boardsCV.swift in Sources */ = {isa = PBXBuildFile; fileRef = 1781F6462CEEEC7B00CE243D /* boardsCV.swift */; };
		178E5E9F2CE4895200B2A9C5 /* FavoritesManager.swift in Sources */ = {isa = PBXBuildFile; fileRef = 178E5E9E2CE4894800B2A9C5 /* FavoritesManager.swift */; };
		178E88F82CFA6EEA00810132 /* settings.swift in Sources */ = {isa = PBXBuildFile; fileRef = 178E88F72CFA6EE000810132 /* settings.swift */; };
		1797989A2CF7A37300486211 /* LocalAuthentication.framework in Frameworks */ = {isa = PBXBuildFile; fileRef = 179798992CF7A37300486211 /* LocalAuthentication.framework */; };
		179B6B962CDDEC9A0099D980 /* FilesListVC.swift in Sources */ = {isa = PBXBuildFile; fileRef = 179B6B952CDDEC960099D980 /* FilesListVC.swift */; };
		179B6B982CDDF0780099D980 /* ImageGalleryVC.swift in Sources */ = {isa = PBXBuildFile; fileRef = 179B6B972CDDF06D0099D980 /* ImageGalleryVC.swift */; };
		17AAAAAA2DDAAAAA00D75B34 /* BoardsService.swift in Sources */ = {isa = PBXBuildFile; fileRef = 17AAAAA92DDAAAAA00D75B34 /* BoardsService.swift */; };
		17AF001A2DDD000000000002 /* AdvancedFilterViewController.swift in Sources */ = {isa = PBXBuildFile; fileRef = 17AF001A2DDD000000000001 /* AdvancedFilterViewController.swift */; };
		17C1AE762CE6FFCE00D6FF84 /* TextFormatter.swift in Sources */ = {isa = PBXBuildFile; fileRef = 17C1AE752CE6FFCA00D6FF84 /* TextFormatter.swift */; };
		17CF001A2DDD000000000002 /* ContentFilterViewController.swift in Sources */ = {isa = PBXBuildFile; fileRef = 17CF001A2DDD000000000001 /* ContentFilterViewController.swift */; };
		3DD4F12F5AD54324985C558C /* WatchRulesViewController.swift in Sources */ = {isa = PBXBuildFile; fileRef = DB24C0E0851E4B559C176A01 /* WatchRulesViewController.swift */; };
		17CODESYNTAX123456789012 /* CodeSyntaxHighlighter.swift in Sources */ = {isa = PBXBuildFile; fileRef = 17CODESYNTAX123456789013 /* CodeSyntaxHighlighter.swift */; };
		17COMPOSEBUILD12345678901 /* ComposeViewController.swift in Sources */ = {isa = PBXBuildFile; fileRef = 17COMPOSE123456789012345 /* ComposeViewController.swift */; };
		17D1A7C22F1987D0007FD2E5 /* SwiftyJSON in Frameworks */ = {isa = PBXBuildFile; productRef = 17SPM001A2DD8000000000004 /* SwiftyJSON */; };
		17D1A7C32F1987D0007FD2E5 /* Alamofire in Frameworks */ = {isa = PBXBuildFile; productRef = 17SPM001A2DD8000000000005 /* Alamofire */; };
		17D1A7C42F1987D0007FD2E5 /* Kingfisher in Frameworks */ = {isa = PBXBuildFile; productRef = 17SPM001A2DD8000000000006 /* Kingfisher */; };
		17DD68422249B84100641BCA /* urlWeb.swift in Sources */ = {isa = PBXBuildFile; fileRef = 17DD68412249B84100641BCA /* urlWeb.swift */; };
		17E4BB702D87E44A0059D400 /* ThemeManager.swift in Sources */ = {isa = PBXBuildFile; fileRef = 17E4BB6F2D87E44A0059D400 /* ThemeManager.swift */; };
		17ENHANCEDTF123456789012 /* EnhancedTextFormatter.swift in Sources */ = {isa = PBXBuildFile; fileRef = 17ENHANCEDTF123456789013 /* EnhancedTextFormatter.swift */; };
		17HIDDENBOARDSBUILD123456 /* HiddenBoardsManager.swift in Sources */ = {isa = PBXBuildFile; fileRef = 17HIDDENBOARDS1234567890 /* HiddenBoardsManager.swift */; };
		17HIDDENBOARDSVCBUILD1234 /* HiddenBoardsViewController.swift in Sources */ = {isa = PBXBuildFile; fileRef = 17HIDDENBOARDSVC12345678 /* HiddenBoardsViewController.swift */; };
		17IMAGEPICKERBUILD1234567 /* ImagePickerHelper.swift in Sources */ = {isa = PBXBuildFile; fileRef = 17IMAGEPICKER12345678901 /* ImagePickerHelper.swift */; };
		17KEYCHAINBUILD123456789 /* KeychainHelper.swift in Sources */ = {isa = PBXBuildFile; fileRef = 17KEYCHAIN1234567890123456 /* KeychainHelper.swift */; };
		17LINKPREV12345678901234 /* LinkPreviewManager.swift in Sources */ = {isa = PBXBuildFile; fileRef = 17LINKPREV12345678901235 /* LinkPreviewManager.swift */; };
		17MATHRENDER123456789012 /* MathRenderer.swift in Sources */ = {isa = PBXBuildFile; fileRef = 17MATHRENDER123456789013 /* MathRenderer.swift */; };
		17PASSAUTHBUILD123456789 /* PassAuthManager.swift in Sources */ = {isa = PBXBuildFile; fileRef = 17PASSAUTH1234567890123456 /* PassAuthManager.swift */; };
		17PASSSETTINGSBUILD123456 /* PassSettingsViewController.swift in Sources */ = {isa = PBXBuildFile; fileRef = 17PASSSETTINGS12345678901 /* PassSettingsViewController.swift */; };
		17POSTDATABUILD123456789 /* PostData.swift in Sources */ = {isa = PBXBuildFile; fileRef = 17POSTDATA1234567890123456 /* PostData.swift */; };
		17POSTINGBUILD1234567890 /* PostingManager.swift in Sources */ = {isa = PBXBuildFile; fileRef = 17POSTING1234567890123456 /* PostingManager.swift */; };
		17POSTRESULTBUILD12345678 /* PostResult.swift in Sources */ = {isa = PBXBuildFile; fileRef = 17POSTRESULT123456789012 /* PostResult.swift */; };
		17STAT0012DE9000000000001 /* StatisticsManager.swift in Sources */ = {isa = PBXBuildFile; fileRef = 17STAT0012DE9000000000002 /* StatisticsManager.swift */; };
		17STAT0012DE9000000000003 /* ChartViews.swift in Sources */ = {isa = PBXBuildFile; fileRef = 17STAT0012DE9000000000004 /* ChartViews.swift */; };
		17STAT0012DE9000000000005 /* StatisticsDashboardViewController.swift in Sources */ = {isa = PBXBuildFile; fileRef = 17STAT0012DE9000000000006 /* StatisticsDashboardViewController.swift */; };
		17VLC001A2DD8000000000002 /* VLCKit.xcframework in Frameworks */ = {isa = PBXBuildFile; fileRef = 17VLC001A2DD8000000000001 /* VLCKit.xcframework */; };
		17VLC001A2DD8000000000003 /* VLCKit.xcframework in Embed Frameworks */ = {isa = PBXBuildFile; fileRef = 17VLC001A2DD8000000000001 /* VLCKit.xcframework */; settings = {ATTRIBUTES = (CodeSignOnCopy, RemoveHeadersOnCopy, ); }; };
		17FFMPEG0001000000000002 /* ffmpegkit.xcframework in Frameworks */ = {isa = PBXBuildFile; fileRef = 17FFMPEG0001000000000001 /* ffmpegkit.xcframework */; };
		17FFMPEG0001000000000003 /* ffmpegkit.xcframework in Embed Frameworks */ = {isa = PBXBuildFile; fileRef = 17FFMPEG0001000000000001 /* ffmpegkit.xcframework */; settings = {ATTRIBUTES = (CodeSignOnCopy, RemoveHeadersOnCopy, ); }; };
		17FFMPEG0002000000000002 /* libavcodec.xcframework in Frameworks */ = {isa = PBXBuildFile; fileRef = 17FFMPEG0002000000000001 /* libavcodec.xcframework */; };
		17FFMPEG0002000000000003 /* libavcodec.xcframework in Embed Frameworks */ = {isa = PBXBuildFile; fileRef = 17FFMPEG0002000000000001 /* libavcodec.xcframework */; settings = {ATTRIBUTES = (CodeSignOnCopy, RemoveHeadersOnCopy, ); }; };
		17FFMPEG0003000000000002 /* libavdevice.xcframework in Frameworks */ = {isa = PBXBuildFile; fileRef = 17FFMPEG0003000000000001 /* libavdevice.xcframework */; };
		17FFMPEG0003000000000003 /* libavdevice.xcframework in Embed Frameworks */ = {isa = PBXBuildFile; fileRef = 17FFMPEG0003000000000001 /* libavdevice.xcframework */; settings = {ATTRIBUTES = (CodeSignOnCopy, RemoveHeadersOnCopy, ); }; };
		17FFMPEG0004000000000002 /* libavfilter.xcframework in Frameworks */ = {isa = PBXBuildFile; fileRef = 17FFMPEG0004000000000001 /* libavfilter.xcframework */; };
		17FFMPEG0004000000000003 /* libavfilter.xcframework in Embed Frameworks */ = {isa = PBXBuildFile; fileRef = 17FFMPEG0004000000000001 /* libavfilter.xcframework */; settings = {ATTRIBUTES = (CodeSignOnCopy, RemoveHeadersOnCopy, ); }; };
		17FFMPEG0005000000000002 /* libavformat.xcframework in Frameworks */ = {isa = PBXBuildFile; fileRef = 17FFMPEG0005000000000001 /* libavformat.xcframework */; };
		17FFMPEG0005000000000003 /* libavformat.xcframework in Embed Frameworks */ = {isa = PBXBuildFile; fileRef = 17FFMPEG0005000000000001 /* libavformat.xcframework */; settings = {ATTRIBUTES = (CodeSignOnCopy, RemoveHeadersOnCopy, ); }; };
		17FFMPEG0006000000000002 /* libavutil.xcframework in Frameworks */ = {isa = PBXBuildFile; fileRef = 17FFMPEG0006000000000001 /* libavutil.xcframework */; };
		17FFMPEG0006000000000003 /* libavutil.xcframework in Embed Frameworks */ = {isa = PBXBuildFile; fileRef = 17FFMPEG0006000000000001 /* libavutil.xcframework */; settings = {ATTRIBUTES = (CodeSignOnCopy, RemoveHeadersOnCopy, ); }; };
		17FFMPEG0007000000000002 /* libswresample.xcframework in Frameworks */ = {isa = PBXBuildFile; fileRef = 17FFMPEG0007000000000001 /* libswresample.xcframework */; };
		17FFMPEG0007000000000003 /* libswresample.xcframework in Embed Frameworks */ = {isa = PBXBuildFile; fileRef = 17FFMPEG0007000000000001 /* libswresample.xcframework */; settings = {ATTRIBUTES = (CodeSignOnCopy, RemoveHeadersOnCopy, ); }; };
		17FFMPEG0008000000000002 /* libswscale.xcframework in Frameworks */ = {isa = PBXBuildFile; fileRef = 17FFMPEG0008000000000001 /* libswscale.xcframework */; };
		17FFMPEG0008000000000003 /* libswscale.xcframework in Embed Frameworks */ = {isa = PBXBuildFile; fileRef = 17FFMPEG0008000000000001 /* libswscale.xcframework */; settings = {ATTRIBUTES = (CodeSignOnCopy, RemoveHeadersOnCopy, ); }; };
		17WEBMCONVBUILD0000000001 /* WebMConversionService.swift in Sources */ = {isa = PBXBuildFile; fileRef = 17WEBMCONV00000000000001 /* WebMConversionService.swift */; };
		398C079F757502D0249990B4 /* TestData.swift in Sources */ = {isa = PBXBuildFile; fileRef = EFA66EA9C6A1157602363084 /* TestData.swift */; };
		3DFA04AEDE7C021FCD1F4204 /* BackgroundTaskManager.swift in Sources */ = {isa = PBXBuildFile; fileRef = 2F9A198E29A7FE3A132589B2 /* BackgroundTaskManager.swift */; };
		A9B8C7D6E5F4A3B2C1D0E9F8 /* FontScaleManager.swift in Sources */ = {isa = PBXBuildFile; fileRef = F2C1A9B0D3E4F5A6B7C8D9E0 /* FontScaleManager.swift */; };
		3F948296C1FCC681B15A3958 /* ThreadCacheManagerTests.swift in Sources */ = {isa = PBXBuildFile; fileRef = 3753B46632493C25266524D4 /* ThreadCacheManagerTests.swift */; };
		41EBC7A30119EB0BE471464F /* ContentFilterManagerTests.swift in Sources */ = {isa = PBXBuildFile; fileRef = EC381610AE01474F79CCF131 /* ContentFilterManagerTests.swift */; };
		4B777D3D1563F3F2B0ED5C80 /* DownloadItem.swift in Sources */ = {isa = PBXBuildFile; fileRef = BB08F7BEAA7D678B23601FE5 /* DownloadItem.swift */; };
		5655ABED6489BBB2B80A4C6F /* DownloadManagerService.swift in Sources */ = {isa = PBXBuildFile; fileRef = B096411F96C0E3BB6BEAC107 /* DownloadManagerService.swift */; };
		66C8421B5C76147DE06BEEAB /* MockAuthenticationContext.swift in Sources */ = {isa = PBXBuildFile; fileRef = CC6A30E14407AFCD5A0CC09B /* MockAuthenticationContext.swift */; };
		66E0AD70DA724EB9F4668E2B /* MockAlamofireSession.swift in Sources */ = {isa = PBXBuildFile; fileRef = 013F035BAC40E84B14F84DFB /* MockAlamofireSession.swift */; };
		79D4827A7F01690CE0DE7CC8 /* MyPostsManager.swift in Sources */ = {isa = PBXBuildFile; fileRef = 4942D923E23CA6525D9C7DF8 /* MyPostsManager.swift */; };
		943C1B0FE8E2F861AF0D5E8D /* ThemeManagerTests.swift in Sources */ = {isa = PBXBuildFile; fileRef = 5B7F196FC7ADB74431A026D5 /* ThemeManagerTests.swift */; };
		9857759C52EA1EFB8C79A9D8 /* XCTestCase+Helpers.swift in Sources */ = {isa = PBXBuildFile; fileRef = 9DDA5813C4F3AC4933EE79F6 /* XCTestCase+Helpers.swift */; };
		9C2E301682B7B21B349D7F20 /* NotificationManager.swift in Sources */ = {isa = PBXBuildFile; fileRef = 9D2E301682B7B21B349D7F21 /* NotificationManager.swift */; };
		17CATALYSTNAVBUILD1234AB /* CatalystNavigationController.swift in Sources */ = {isa = PBXBuildFile; fileRef = 17CATALYSTNAV123456789AB /* CatalystNavigationController.swift */; };
		9C2E301682B7B21B349D7F24 /* WatchedPostsManager.swift in Sources */ = {isa = PBXBuildFile; fileRef = 9D2E301682B7B21B349D7F25 /* WatchedPostsManager.swift */; };
		29D75CA684814E9091D214D9 /* WatchRulesManager.swift in Sources */ = {isa = PBXBuildFile; fileRef = C6FDA15CDA6C49429CC6FA60 /* WatchRulesManager.swift */; };
		9C2E301682B7B21B349D7F26 /* ReverseImageSearchManager.swift in Sources */ = {isa = PBXBuildFile; fileRef = 9D2E301682B7B21B349D7F27 /* ReverseImageSearchManager.swift */; };
		9C2E301682B7B21B349D7F28 /* BatchImageDownloadManager.swift in Sources */ = {isa = PBXBuildFile; fileRef = 9D2E301682B7B21B349D7F29 /* BatchImageDownloadManager.swift */; };
		9C2E301682B7B21B349D7F31 /* DownloadedMediaTracker.swift in Sources */ = {isa = PBXBuildFile; fileRef = 9D2E301682B7B21B349D7F30 /* DownloadedMediaTracker.swift */; };
		9E2E301682B7B21B349D7F22 /* NotificationsViewController.swift in Sources */ = {isa = PBXBuildFile; fileRef = 9F2E301682B7B21B349D7F23 /* NotificationsViewController.swift */; };
		A99069598E571715C5D821E8 /* BookmarkCategoryTests.swift in Sources */ = {isa = PBXBuildFile; fileRef = E195CC9FDB0228531243ED10 /* BookmarkCategoryTests.swift */; };
		B65284C13704B5B149CF6B14 /* TestDataFactory.swift in Sources */ = {isa = PBXBuildFile; fileRef = 3C335E2377BA19B313347A8C /* TestDataFactory.swift */; };
		BA88C64EC253011BDEAAE735 /* BoardListScreenTests.swift in Sources */ = {isa = PBXBuildFile; fileRef = BC8E62F5D39F3970922C6DCE /* BoardListScreenTests.swift */; };
		BD7715E05586D45E8CEF0134 /* DownloadItemCell.swift in Sources */ = {isa = PBXBuildFile; fileRef = F27EE012E595EAEFE6447B27 /* DownloadItemCell.swift */; };
		C10E6AA11F575138A9187F35 /* TestHelpers.swift in Sources */ = {isa = PBXBuildFile; fileRef = 8FBBB14E76514DD70F5D6CC5 /* TestHelpers.swift */; };
		D473796E4673EA858757625F /* HistoryManagerTests.swift in Sources */ = {isa = PBXBuildFile; fileRef = D0F22EE2CADB754B09D9DCBA /* HistoryManagerTests.swift */; };
		D7CBE663CD6B64C84519B644 /* MockFileManager.swift in Sources */ = {isa = PBXBuildFile; fileRef = EC297AAB893B7F131F3E266D /* MockFileManager.swift */; };
		EFC932FCD2334941542906FA /* DebugViewController.swift in Sources */ = {isa = PBXBuildFile; fileRef = 16E7E5B1790BDC60E3BB87F9 /* DebugViewController.swift */; };
		F18EAFB93C6F55EE34E23ADF /* DownloadManagerViewController.swift in Sources */ = {isa = PBXBuildFile; fileRef = 4D48D859953D3D65A9888B85 /* DownloadManagerViewController.swift */; };
		F373148E1239639ACD55DCC1 /* MockUserDefaults.swift in Sources */ = {isa = PBXBuildFile; fileRef = 25F7DF6E82957B2EE8AF34DD /* MockUserDefaults.swift */; };
/* End PBXBuildFile section */

/* Begin PBXContainerItemProxy section */
		176EC6502245F145009F2A8D /* PBXContainerItemProxy */ = {
			isa = PBXContainerItemProxy;
			containerPortal = 176EC6332245F144009F2A8D /* Project object */;
			proxyType = 1;
			remoteGlobalIDString = 176EC63A2245F144009F2A8D;
			remoteInfo = 4chan;
		};
		176EC65B2245F145009F2A8D /* PBXContainerItemProxy */ = {
			isa = PBXContainerItemProxy;
			containerPortal = 176EC6332245F144009F2A8D /* Project object */;
			proxyType = 1;
			remoteGlobalIDString = 176EC63A2245F144009F2A8D;
			remoteInfo = 4chan;
		};
/* End PBXContainerItemProxy section */

/* Begin PBXCopyFilesBuildPhase section */
		17VLC001A2DD8000000000004 /* Embed Frameworks */ = {
			isa = PBXCopyFilesBuildPhase;
			buildActionMask = 2147483647;
			dstPath = "";
			dstSubfolderSpec = 10;
			files = (
				17VLC001A2DD8000000000003 /* VLCKit.xcframework in Embed Frameworks */,
				17FFMPEG0001000000000003 /* ffmpegkit.xcframework in Embed Frameworks */,
				17FFMPEG0002000000000003 /* libavcodec.xcframework in Embed Frameworks */,
				17FFMPEG0003000000000003 /* libavdevice.xcframework in Embed Frameworks */,
				17FFMPEG0004000000000003 /* libavfilter.xcframework in Embed Frameworks */,
				17FFMPEG0005000000000003 /* libavformat.xcframework in Embed Frameworks */,
				17FFMPEG0006000000000003 /* libavutil.xcframework in Embed Frameworks */,
				17FFMPEG0007000000000003 /* libswresample.xcframework in Embed Frameworks */,
				17FFMPEG0008000000000003 /* libswscale.xcframework in Embed Frameworks */,
			);
			name = "Embed Frameworks";
			runOnlyForDeploymentPostprocessing = 0;
		};
/* End PBXCopyFilesBuildPhase section */

/* Begin PBXFileReference section */
		013F035BAC40E84B14F84DFB /* MockAlamofireSession.swift */ = {isa = PBXFileReference; includeInIndex = 1; lastKnownFileType = sourcecode.swift; name = MockAlamofireSession.swift; path = Mocks/MockAlamofireSession.swift; sourceTree = "<group>"; };
		108D0B6B7AC28F8A8AB0537A /* MockiCloudStore.swift */ = {isa = PBXFileReference; includeInIndex = 1; lastKnownFileType = sourcecode.swift; name = MockiCloudStore.swift; path = Mocks/MockiCloudStore.swift; sourceTree = "<group>"; };
		16E7E5B1790BDC60E3BB87F9 /* DebugViewController.swift */ = {isa = PBXFileReference; includeInIndex = 1; lastKnownFileType = sourcecode.swift; path = DebugViewController.swift; sourceTree = "<group>"; };
		170F90E622506E7C00F52BBD /* WebMViewController.swift */ = {isa = PBXFileReference; lastKnownFileType = sourcecode.swift; path = WebMViewController.swift; sourceTree = "<group>"; };
		171A75DE2DD6F9FF00D75B34 /* ContentFilterManager.swift */ = {isa = PBXFileReference; lastKnownFileType = sourcecode.swift; path = ContentFilterManager.swift; sourceTree = "<group>"; };
		171A75DF2DD6F9FF00D75B34 /* AdvancedFilter.swift */ = {isa = PBXFileReference; lastKnownFileType = sourcecode.swift; path = AdvancedFilter.swift; sourceTree = "<group>"; };
		171A75E02DD6F9FF00D75B34 /* ThreadCacheManager.swift */ = {isa = PBXFileReference; lastKnownFileType = sourcecode.swift; path = ThreadCacheManager.swift; sourceTree = "<group>"; };
		171A75E12DD6F9FF00D75B34 /* ThreadDataHelper.swift */ = {isa = PBXFileReference; lastKnownFileType = sourcecode.swift; path = ThreadDataHelper.swift; sourceTree = "<group>"; };
		1A2B3C4D5E6F708190A1B2D1 /* ThreadViewControllerFactory.swift */ = {isa = PBXFileReference; lastKnownFileType = sourcecode.swift; path = ThreadViewControllerFactory.swift; sourceTree = "<group>"; };
		17FONTSCALE123456789012 /* FontScaleManager.swift */ = {isa = PBXFileReference; lastKnownFileType = sourcecode.swift; path = FontScaleManager.swift; sourceTree = "<group>"; };
		17GRIDITEMSIZE1234567890 /* GridItemSizeManager.swift */ = {isa = PBXFileReference; lastKnownFileType = sourcecode.swift; path = GridItemSizeManager.swift; sourceTree = "<group>"; };
		17GALCELLSZE514C4FCA3407 /* GalleryCellSizeManager.swift */ = {isa = PBXFileReference; lastKnownFileType = sourcecode.swift; path = GalleryCellSizeManager.swift; sourceTree = "<group>"; };
		17THUMBNAILSIZE1234567890 /* ThumbnailSizeManager.swift */ = {isa = PBXFileReference; lastKnownFileType = sourcecode.swift; path = ThumbnailSizeManager.swift; sourceTree = "<group>"; };
		17HOVERPREVM1234567890AB /* HoverPreviewManager.swift */ = {isa = PBXFileReference; lastKnownFileType = sourcecode.swift; path = HoverPreviewManager.swift; sourceTree = "<group>"; };
		171A75F32DD7B19600D75B34 /* CategorizedFavoritesViewController.swift */ = {isa = PBXFileReference; lastKnownFileType = sourcecode.swift; path = CategorizedFavoritesViewController.swift; sourceTree = "<group>"; };
		171A75F52DD7B1D400D75B34 /* CategoryManagerViewController.swift */ = {isa = PBXFileReference; lastKnownFileType = sourcecode.swift; path = CategoryManagerViewController.swift; sourceTree = "<group>"; };
		171A76172DD83C6F00D75B34 /* SearchManager.swift */ = {isa = PBXFileReference; lastKnownFileType = sourcecode.swift; path = SearchManager.swift; sourceTree = "<group>"; };
		171A76182DD83C6F00D75B34 /* SearchViewController.swift */ = {isa = PBXFileReference; lastKnownFileType = sourcecode.swift; path = SearchViewController.swift; sourceTree = "<group>"; };
		17SEARCHFILTERS123456789001 /* SearchFilters.swift */ = {isa = PBXFileReference; lastKnownFileType = sourcecode.swift; path = SearchFilters.swift; sourceTree = "<group>"; };
		17BOARDPICKER123456789001 /* BoardPickerViewController.swift */ = {isa = PBXFileReference; lastKnownFileType = sourcecode.swift; path = BoardPickerViewController.swift; sourceTree = "<group>"; };
		17SEARCHFILTERSVC1234567890 /* SearchFiltersViewController.swift */ = {isa = PBXFileReference; lastKnownFileType = sourcecode.swift; path = SearchFiltersViewController.swift; sourceTree = "<group>"; };
		171A76AD2DD848FB00D75B34 /* UIImage+Extensions.swift */ = {isa = PBXFileReference; lastKnownFileType = sourcecode.swift; path = "UIImage+Extensions.swift"; sourceTree = "<group>"; };
		17MEDIASETTINGS1234567890AC /* MediaSettings.swift */ = {isa = PBXFileReference; lastKnownFileType = sourcecode.swift; path = MediaSettings.swift; sourceTree = "<group>"; };
		171A76B52DD869EA00D75B34 /* ICloudSyncManager.swift */ = {isa = PBXFileReference; lastKnownFileType = sourcecode.swift; path = ICloudSyncManager.swift; sourceTree = "<group>"; };
		171A76B72DD8725800D75B34 /* ConflictResolutionManager.swift */ = {isa = PBXFileReference; lastKnownFileType = sourcecode.swift; path = ConflictResolutionManager.swift; sourceTree = "<group>"; };
		171A76B92DD8726100D75B34 /* ConflictResolutionViewController.swift */ = {isa = PBXFileReference; lastKnownFileType = sourcecode.swift; path = ConflictResolutionViewController.swift; sourceTree = "<group>"; };
		171A83472DDD36CC00D75B34 /* boardsTV.swift */ = {isa = PBXFileReference; lastKnownFileType = sourcecode.swift; path = boardsTV.swift; sourceTree = "<group>"; };
		171A83482DDD36CC00D75B34 /* boardsTVCell.swift */ = {isa = PBXFileReference; lastKnownFileType = sourcecode.swift; path = boardsTVCell.swift; sourceTree = "<group>"; };
		176EC63B2245F144009F2A8D /* Channer.app */ = {isa = PBXFileReference; explicitFileType = wrapper.application; includeInIndex = 0; path = Channer.app; sourceTree = BUILT_PRODUCTS_DIR; };
		176EC63E2245F144009F2A8D /* AppDelegate.swift */ = {isa = PBXFileReference; lastKnownFileType = sourcecode.swift; path = AppDelegate.swift; sourceTree = "<group>"; };
		176EC6452245F145009F2A8D /* Assets.xcassets */ = {isa = PBXFileReference; lastKnownFileType = folder.assetcatalog; path = Assets.xcassets; sourceTree = "<group>"; };
		176EC64A2245F145009F2A8D /* Info.plist */ = {isa = PBXFileReference; lastKnownFileType = text.plist.xml; path = Info.plist; sourceTree = "<group>"; };
		176EC64F2245F145009F2A8D /* ChannerTests.xctest */ = {isa = PBXFileReference; explicitFileType = wrapper.cfbundle; includeInIndex = 0; path = ChannerTests.xctest; sourceTree = BUILT_PRODUCTS_DIR; };
		176EC6532245F145009F2A8D /* _chanTests.swift */ = {isa = PBXFileReference; lastKnownFileType = sourcecode.swift; path = _chanTests.swift; sourceTree = "<group>"; };
		176EC6552245F145009F2A8D /* Info.plist */ = {isa = PBXFileReference; lastKnownFileType = text.plist.xml; path = Info.plist; sourceTree = "<group>"; };
		176EC65A2245F145009F2A8D /* ChannerUITests.xctest */ = {isa = PBXFileReference; explicitFileType = wrapper.cfbundle; includeInIndex = 0; path = ChannerUITests.xctest; sourceTree = BUILT_PRODUCTS_DIR; };
		176EC65E2245F145009F2A8D /* _chanUITests.swift */ = {isa = PBXFileReference; lastKnownFileType = sourcecode.swift; path = _chanUITests.swift; sourceTree = "<group>"; };
		176EC6602245F145009F2A8D /* Info.plist */ = {isa = PBXFileReference; lastKnownFileType = text.plist.xml; path = Info.plist; sourceTree = "<group>"; };
		17737E2A2CDC6F3600DF0874 /* threadRepliesCell.swift */ = {isa = PBXFileReference; lastKnownFileType = sourcecode.swift; path = threadRepliesCell.swift; sourceTree = "<group>"; };
		17737E2B2CDC6F3600DF0874 /* threadRepliesTV.swift */ = {isa = PBXFileReference; lastKnownFileType = sourcecode.swift; path = threadRepliesTV.swift; sourceTree = "<group>"; };
		17737E2E2CDC6F5000DF0874 /* boardTV.swift */ = {isa = PBXFileReference; lastKnownFileType = sourcecode.swift; path = boardTV.swift; sourceTree = "<group>"; };
		17737E302CDC6F6400DF0874 /* boardTVCell.swift */ = {isa = PBXFileReference; lastKnownFileType = sourcecode.swift; path = boardTVCell.swift; sourceTree = "<group>"; };
		1A2B3C4D5E6F708190A1B2D2 /* threadCatalogCV.swift */ = {isa = PBXFileReference; lastKnownFileType = sourcecode.swift; path = threadCatalogCV.swift; sourceTree = "<group>"; };
		1A2B3C4D5E6F708190A1B2D3 /* threadCatalogCell.swift */ = {isa = PBXFileReference; lastKnownFileType = sourcecode.swift; path = threadCatalogCell.swift; sourceTree = "<group>"; };
		1776B0A72CE3079E00B304E7 /* HistoryManager.swift */ = {isa = PBXFileReference; lastKnownFileType = sourcecode.swift; path = HistoryManager.swift; sourceTree = "<group>"; };
		177BC7F02CDEC27A000FE370 /* WebMThumbnailCell.swift */ = {isa = PBXFileReference; lastKnownFileType = sourcecode.swift; path = WebMThumbnailCell.swift; sourceTree = "<group>"; };
		177BC7F22CDECC2D000FE370 /* ThumbnailGridVC.swift */ = {isa = PBXFileReference; lastKnownFileType = sourcecode.swift; path = ThumbnailGridVC.swift; sourceTree = "<group>"; };
		177BC7F42CDECD05000FE370 /* ImageViewController.swift */ = {isa = PBXFileReference; lastKnownFileType = sourcecode.swift; path = ImageViewController.swift; sourceTree = "<group>"; };
		17IMAGECROPVC1234567890AC /* ImageCropViewController.swift */ = {isa = PBXFileReference; lastKnownFileType = sourcecode.swift; path = ImageCropViewController.swift; sourceTree = "<group>"; };
		1781F6452CEEEC7B00CE243D /* boardCVCell.swift */ = {isa = PBXFileReference; lastKnownFileType = sourcecode.swift; path = boardCVCell.swift; sourceTree = "<group>"; };
		1781F6462CEEEC7B00CE243D /* boardsCV.swift */ = {isa = PBXFileReference; lastKnownFileType = sourcecode.swift; path = boardsCV.swift; sourceTree = "<group>"; };
		178E5E9E2CE4894800B2A9C5 /* FavoritesManager.swift */ = {isa = PBXFileReference; lastKnownFileType = sourcecode.swift; path = FavoritesManager.swift; sourceTree = "<group>"; };
		178E88F72CFA6EE000810132 /* settings.swift */ = {isa = PBXFileReference; lastKnownFileType = sourcecode.swift; path = settings.swift; sourceTree = "<group>"; };
		179798992CF7A37300486211 /* LocalAuthentication.framework */ = {isa = PBXFileReference; lastKnownFileType = wrapper.framework; name = LocalAuthentication.framework; path = System/Library/Frameworks/LocalAuthentication.framework; sourceTree = SDKROOT; };
		1797989B2CF7CBBF00486211 /* Channer.entitlements */ = {isa = PBXFileReference; lastKnownFileType = text.plist.entitlements; path = Channer.entitlements; sourceTree = "<group>"; };
		179B6B952CDDEC960099D980 /* FilesListVC.swift */ = {isa = PBXFileReference; lastKnownFileType = sourcecode.swift; path = FilesListVC.swift; sourceTree = "<group>"; };
		179B6B972CDDF06D0099D980 /* ImageGalleryVC.swift */ = {isa = PBXFileReference; lastKnownFileType = sourcecode.swift; path = ImageGalleryVC.swift; sourceTree = "<group>"; };
		17AAAAA92DDAAAAA00D75B34 /* BoardsService.swift */ = {isa = PBXFileReference; lastKnownFileType = sourcecode.swift; path = BoardsService.swift; sourceTree = "<group>"; };
		17AF001A2DDD000000000001 /* AdvancedFilterViewController.swift */ = {isa = PBXFileReference; lastKnownFileType = sourcecode.swift; path = AdvancedFilterViewController.swift; sourceTree = "<group>"; };
		17C1AE752CE6FFCA00D6FF84 /* TextFormatter.swift */ = {isa = PBXFileReference; lastKnownFileType = sourcecode.swift; path = TextFormatter.swift; sourceTree = "<group>"; };
		17CF001A2DDD000000000001 /* ContentFilterViewController.swift */ = {isa = PBXFileReference; lastKnownFileType = sourcecode.swift; path = ContentFilterViewController.swift; sourceTree = "<group>"; };
		DB24C0E0851E4B559C176A01 /* WatchRulesViewController.swift */ = {isa = PBXFileReference; lastKnownFileType = sourcecode.swift; path = WatchRulesViewController.swift; sourceTree = "<group>"; };
		17CODESYNTAX123456789013 /* CodeSyntaxHighlighter.swift */ = {isa = PBXFileReference; lastKnownFileType = sourcecode.swift; path = CodeSyntaxHighlighter.swift; sourceTree = "<group>"; };
		17COMPOSE123456789012345 /* ComposeViewController.swift */ = {isa = PBXFileReference; lastKnownFileType = sourcecode.swift; path = ComposeViewController.swift; sourceTree = "<group>"; };
		17DD68412249B84100641BCA /* urlWeb.swift */ = {isa = PBXFileReference; fileEncoding = 4; lastKnownFileType = sourcecode.swift; path = urlWeb.swift; sourceTree = "<group>"; };
		17E4BB6F2D87E44A0059D400 /* ThemeManager.swift */ = {isa = PBXFileReference; lastKnownFileType = sourcecode.swift; path = ThemeManager.swift; sourceTree = "<group>"; };
		17ENHANCEDTF123456789013 /* EnhancedTextFormatter.swift */ = {isa = PBXFileReference; lastKnownFileType = sourcecode.swift; path = EnhancedTextFormatter.swift; sourceTree = "<group>"; };
		17HIDDENBOARDS1234567890 /* HiddenBoardsManager.swift */ = {isa = PBXFileReference; lastKnownFileType = sourcecode.swift; path = HiddenBoardsManager.swift; sourceTree = "<group>"; };
		17HIDDENBOARDSVC12345678 /* HiddenBoardsViewController.swift */ = {isa = PBXFileReference; lastKnownFileType = sourcecode.swift; path = HiddenBoardsViewController.swift; sourceTree = "<group>"; };
		17IMAGEPICKER12345678901 /* ImagePickerHelper.swift */ = {isa = PBXFileReference; lastKnownFileType = sourcecode.swift; path = ImagePickerHelper.swift; sourceTree = "<group>"; };
		17KEYCHAIN1234567890123456 /* KeychainHelper.swift */ = {isa = PBXFileReference; lastKnownFileType = sourcecode.swift; path = KeychainHelper.swift; sourceTree = "<group>"; };
		17LINKPREV12345678901235 /* LinkPreviewManager.swift */ = {isa = PBXFileReference; lastKnownFileType = sourcecode.swift; path = LinkPreviewManager.swift; sourceTree = "<group>"; };
		17MATHRENDER123456789013 /* MathRenderer.swift */ = {isa = PBXFileReference; lastKnownFileType = sourcecode.swift; path = MathRenderer.swift; sourceTree = "<group>"; };
		17PASSAUTH1234567890123456 /* PassAuthManager.swift */ = {isa = PBXFileReference; lastKnownFileType = sourcecode.swift; path = PassAuthManager.swift; sourceTree = "<group>"; };
		17PASSSETTINGS12345678901 /* PassSettingsViewController.swift */ = {isa = PBXFileReference; lastKnownFileType = sourcecode.swift; path = PassSettingsViewController.swift; sourceTree = "<group>"; };
		17POSTDATA1234567890123456 /* PostData.swift */ = {isa = PBXFileReference; lastKnownFileType = sourcecode.swift; path = PostData.swift; sourceTree = "<group>"; };
		17POSTING1234567890123456 /* PostingManager.swift */ = {isa = PBXFileReference; lastKnownFileType = sourcecode.swift; path = PostingManager.swift; sourceTree = "<group>"; };
		17POSTRESULT123456789012 /* PostResult.swift */ = {isa = PBXFileReference; lastKnownFileType = sourcecode.swift; path = PostResult.swift; sourceTree = "<group>"; };
		17STAT0012DE9000000000002 /* StatisticsManager.swift */ = {isa = PBXFileReference; lastKnownFileType = sourcecode.swift; path = StatisticsManager.swift; sourceTree = "<group>"; };
		17STAT0012DE9000000000004 /* ChartViews.swift */ = {isa = PBXFileReference; lastKnownFileType = sourcecode.swift; path = ChartViews.swift; sourceTree = "<group>"; };
		17STAT0012DE9000000000006 /* StatisticsDashboardViewController.swift */ = {isa = PBXFileReference; lastKnownFileType = sourcecode.swift; path = StatisticsDashboardViewController.swift; sourceTree = "<group>"; };
		17VLC001A2DD8000000000001 /* VLCKit.xcframework */ = {isa = PBXFileReference; lastKnownFileType = wrapper.xcframework; name = VLCKit.xcframework; path = Frameworks/VLCKit.xcframework; sourceTree = "<group>"; };
		17FFMPEG0001000000000001 /* ffmpegkit.xcframework */ = {isa = PBXFileReference; lastKnownFileType = wrapper.xcframework; name = ffmpegkit.xcframework; path = Frameworks/ffmpegkit.xcframework; sourceTree = "<group>"; };
		17FFMPEG0002000000000001 /* libavcodec.xcframework */ = {isa = PBXFileReference; lastKnownFileType = wrapper.xcframework; name = libavcodec.xcframework; path = Frameworks/libavcodec.xcframework; sourceTree = "<group>"; };
		17FFMPEG0003000000000001 /* libavdevice.xcframework */ = {isa = PBXFileReference; lastKnownFileType = wrapper.xcframework; name = libavdevice.xcframework; path = Frameworks/libavdevice.xcframework; sourceTree = "<group>"; };
		17FFMPEG0004000000000001 /* libavfilter.xcframework */ = {isa = PBXFileReference; lastKnownFileType = wrapper.xcframework; name = libavfilter.xcframework; path = Frameworks/libavfilter.xcframework; sourceTree = "<group>"; };
		17FFMPEG0005000000000001 /* libavformat.xcframework */ = {isa = PBXFileReference; lastKnownFileType = wrapper.xcframework; name = libavformat.xcframework; path = Frameworks/libavformat.xcframework; sourceTree = "<group>"; };
		17FFMPEG0006000000000001 /* libavutil.xcframework */ = {isa = PBXFileReference; lastKnownFileType = wrapper.xcframework; name = libavutil.xcframework; path = Frameworks/libavutil.xcframework; sourceTree = "<group>"; };
		17FFMPEG0007000000000001 /* libswresample.xcframework */ = {isa = PBXFileReference; lastKnownFileType = wrapper.xcframework; name = libswresample.xcframework; path = Frameworks/libswresample.xcframework; sourceTree = "<group>"; };
		17FFMPEG0008000000000001 /* libswscale.xcframework */ = {isa = PBXFileReference; lastKnownFileType = wrapper.xcframework; name = libswscale.xcframework; path = Frameworks/libswscale.xcframework; sourceTree = "<group>"; };
		17WEBMCONV00000000000001 /* WebMConversionService.swift */ = {isa = PBXFileReference; lastKnownFileType = sourcecode.swift; path = WebMConversionService.swift; sourceTree = "<group>"; };
		25F7DF6E82957B2EE8AF34DD /* MockUserDefaults.swift */ = {isa = PBXFileReference; includeInIndex = 1; lastKnownFileType = sourcecode.swift; name = MockUserDefaults.swift; path = Mocks/MockUserDefaults.swift; sourceTree = "<group>"; };
		2F9A198E29A7FE3A132589B2 /* BackgroundTaskManager.swift */ = {isa = PBXFileReference; includeInIndex = 1; lastKnownFileType = sourcecode.swift; path = BackgroundTaskManager.swift; sourceTree = "<group>"; };
		F2C1A9B0D3E4F5A6B7C8D9E0 /* FontScaleManager.swift */ = {isa = PBXFileReference; includeInIndex = 1; lastKnownFileType = sourcecode.swift; path = FontScaleManager.swift; sourceTree = "<group>"; };
		3753B46632493C25266524D4 /* ThreadCacheManagerTests.swift */ = {isa = PBXFileReference; includeInIndex = 1; lastKnownFileType = sourcecode.swift; name = ThreadCacheManagerTests.swift; path = Managers/ThreadCacheManagerTests.swift; sourceTree = "<group>"; };
		3C335E2377BA19B313347A8C /* TestDataFactory.swift */ = {isa = PBXFileReference; includeInIndex = 1; lastKnownFileType = sourcecode.swift; name = TestDataFactory.swift; path = Helpers/TestDataFactory.swift; sourceTree = "<group>"; };
		4942D923E23CA6525D9C7DF8 /* MyPostsManager.swift */ = {isa = PBXFileReference; includeInIndex = 1; lastKnownFileType = sourcecode.swift; path = MyPostsManager.swift; sourceTree = "<group>"; };
		4D48D859953D3D65A9888B85 /* DownloadManagerViewController.swift */ = {isa = PBXFileReference; includeInIndex = 1; lastKnownFileType = sourcecode.swift; name = DownloadManagerViewController.swift; path = Channer/ViewControllers/Downloads/DownloadManagerViewController.swift; sourceTree = "<group>"; };
		5B7F196FC7ADB74431A026D5 /* ThemeManagerTests.swift */ = {isa = PBXFileReference; includeInIndex = 1; lastKnownFileType = sourcecode.swift; name = ThemeManagerTests.swift; path = Managers/ThemeManagerTests.swift; sourceTree = "<group>"; };
		6FBA6566986468E56F4F3023 /* FavoritesManagerTests.swift */ = {isa = PBXFileReference; includeInIndex = 1; lastKnownFileType = sourcecode.swift; name = FavoritesManagerTests.swift; path = Managers/FavoritesManagerTests.swift; sourceTree = "<group>"; };
		8FBBB14E76514DD70F5D6CC5 /* TestHelpers.swift */ = {isa = PBXFileReference; includeInIndex = 1; lastKnownFileType = sourcecode.swift; name = TestHelpers.swift; path = Helpers/TestHelpers.swift; sourceTree = "<group>"; };
		92384100D50DF2DC8905F7E0 /* NotificationManagerTests.swift */ = {isa = PBXFileReference; includeInIndex = 1; lastKnownFileType = sourcecode.swift; name = NotificationManagerTests.swift; path = Managers/NotificationManagerTests.swift; sourceTree = "<group>"; };
		9D2E301682B7B21B349D7F21 /* NotificationManager.swift */ = {isa = PBXFileReference; lastKnownFileType = sourcecode.swift; path = NotificationManager.swift; sourceTree = "<group>"; };
		17CATALYSTNAV123456789AB /* CatalystNavigationController.swift */ = {isa = PBXFileReference; lastKnownFileType = sourcecode.swift; path = CatalystNavigationController.swift; sourceTree = "<group>"; };
		9D2E301682B7B21B349D7F25 /* WatchedPostsManager.swift */ = {isa = PBXFileReference; lastKnownFileType = sourcecode.swift; path = WatchedPostsManager.swift; sourceTree = "<group>"; };
		C6FDA15CDA6C49429CC6FA60 /* WatchRulesManager.swift */ = {isa = PBXFileReference; lastKnownFileType = sourcecode.swift; path = WatchRulesManager.swift; sourceTree = "<group>"; };
		9D2E301682B7B21B349D7F27 /* ReverseImageSearchManager.swift */ = {isa = PBXFileReference; lastKnownFileType = sourcecode.swift; path = ReverseImageSearchManager.swift; sourceTree = "<group>"; };
		9D2E301682B7B21B349D7F29 /* BatchImageDownloadManager.swift */ = {isa = PBXFileReference; lastKnownFileType = sourcecode.swift; path = BatchImageDownloadManager.swift; sourceTree = "<group>"; };
		9D2E301682B7B21B349D7F30 /* DownloadedMediaTracker.swift */ = {isa = PBXFileReference; lastKnownFileType = sourcecode.swift; path = DownloadedMediaTracker.swift; sourceTree = "<group>"; };
		9DDA5813C4F3AC4933EE79F6 /* XCTestCase+Helpers.swift */ = {isa = PBXFileReference; includeInIndex = 1; lastKnownFileType = sourcecode.swift; name = "XCTestCase+Helpers.swift"; path = "Helpers/XCTestCase+Helpers.swift"; sourceTree = "<group>"; };
		9F2E301682B7B21B349D7F23 /* NotificationsViewController.swift */ = {isa = PBXFileReference; lastKnownFileType = sourcecode.swift; path = NotificationsViewController.swift; sourceTree = "<group>"; };
		B096411F96C0E3BB6BEAC107 /* DownloadManagerService.swift */ = {isa = PBXFileReference; includeInIndex = 1; lastKnownFileType = sourcecode.swift; name = DownloadManagerService.swift; path = Channer/Utilities/DownloadManagerService.swift; sourceTree = "<group>"; };
		BB08F7BEAA7D678B23601FE5 /* DownloadItem.swift */ = {isa = PBXFileReference; includeInIndex = 1; lastKnownFileType = sourcecode.swift; name = DownloadItem.swift; path = Channer/Utilities/DownloadItem.swift; sourceTree = "<group>"; };
		BC8E62F5D39F3970922C6DCE /* BoardListScreenTests.swift */ = {isa = PBXFileReference; includeInIndex = 1; lastKnownFileType = sourcecode.swift; name = BoardListScreenTests.swift; path = Screens/BoardListScreenTests.swift; sourceTree = "<group>"; };
		CC6A30E14407AFCD5A0CC09B /* MockAuthenticationContext.swift */ = {isa = PBXFileReference; includeInIndex = 1; lastKnownFileType = sourcecode.swift; name = MockAuthenticationContext.swift; path = Mocks/MockAuthenticationContext.swift; sourceTree = "<group>"; };
		D0F22EE2CADB754B09D9DCBA /* HistoryManagerTests.swift */ = {isa = PBXFileReference; includeInIndex = 1; lastKnownFileType = sourcecode.swift; name = HistoryManagerTests.swift; path = Managers/HistoryManagerTests.swift; sourceTree = "<group>"; };
		E195CC9FDB0228531243ED10 /* BookmarkCategoryTests.swift */ = {isa = PBXFileReference; includeInIndex = 1; lastKnownFileType = sourcecode.swift; name = BookmarkCategoryTests.swift; path = Models/BookmarkCategoryTests.swift; sourceTree = "<group>"; };
		EC297AAB893B7F131F3E266D /* MockFileManager.swift */ = {isa = PBXFileReference; includeInIndex = 1; lastKnownFileType = sourcecode.swift; name = MockFileManager.swift; path = Mocks/MockFileManager.swift; sourceTree = "<group>"; };
		EC381610AE01474F79CCF131 /* ContentFilterManagerTests.swift */ = {isa = PBXFileReference; includeInIndex = 1; lastKnownFileType = sourcecode.swift; name = ContentFilterManagerTests.swift; path = Managers/ContentFilterManagerTests.swift; sourceTree = "<group>"; };
		EF49085C8199BDDD4A4E73C2 /* MockKingfisher.swift */ = {isa = PBXFileReference; includeInIndex = 1; lastKnownFileType = sourcecode.swift; name = MockKingfisher.swift; path = Mocks/MockKingfisher.swift; sourceTree = "<group>"; };
		EFA66EA9C6A1157602363084 /* TestData.swift */ = {isa = PBXFileReference; includeInIndex = 1; lastKnownFileType = sourcecode.swift; name = TestData.swift; path = Helpers/TestData.swift; sourceTree = "<group>"; };
		F27EE012E595EAEFE6447B27 /* DownloadItemCell.swift */ = {isa = PBXFileReference; includeInIndex = 1; lastKnownFileType = sourcecode.swift; name = DownloadItemCell.swift; path = Channer/ViewControllers/Downloads/DownloadItemCell.swift; sourceTree = "<group>"; };
/* End PBXFileReference section */

/* Begin PBXFrameworksBuildPhase section */
		176EC6382245F144009F2A8D /* Frameworks */ = {
			isa = PBXFrameworksBuildPhase;
			buildActionMask = 2147483647;
			files = (
				17D1A7C42F1987D0007FD2E5 /* Kingfisher in Frameworks */,
				17D1A7C32F1987D0007FD2E5 /* Alamofire in Frameworks */,
				17D1A7C22F1987D0007FD2E5 /* SwiftyJSON in Frameworks */,
				17VLC001A2DD8000000000002 /* VLCKit.xcframework in Frameworks */,
				1797989A2CF7A37300486211 /* LocalAuthentication.framework in Frameworks */,
				17FFMPEG0001000000000002 /* ffmpegkit.xcframework in Frameworks */,
				17FFMPEG0002000000000002 /* libavcodec.xcframework in Frameworks */,
				17FFMPEG0003000000000002 /* libavdevice.xcframework in Frameworks */,
				17FFMPEG0004000000000002 /* libavfilter.xcframework in Frameworks */,
				17FFMPEG0005000000000002 /* libavformat.xcframework in Frameworks */,
				17FFMPEG0006000000000002 /* libavutil.xcframework in Frameworks */,
				17FFMPEG0007000000000002 /* libswresample.xcframework in Frameworks */,
				17FFMPEG0008000000000002 /* libswscale.xcframework in Frameworks */,
			);
			runOnlyForDeploymentPostprocessing = 0;
		};
		176EC64C2245F145009F2A8D /* Frameworks */ = {
			isa = PBXFrameworksBuildPhase;
			buildActionMask = 2147483647;
			files = (
			);
			runOnlyForDeploymentPostprocessing = 0;
		};
		176EC6572245F145009F2A8D /* Frameworks */ = {
			isa = PBXFrameworksBuildPhase;
			buildActionMask = 2147483647;
			files = (
			);
			runOnlyForDeploymentPostprocessing = 0;
		};
/* End PBXFrameworksBuildPhase section */

/* Begin PBXGroup section */
		171A75E22DD6F9FF00D75B34 /* Utilities */ = {
			isa = PBXGroup;
			children = (
				9D2E301682B7B21B349D7F29 /* BatchImageDownloadManager.swift */,
				17CATALYSTNAV123456789AB /* CatalystNavigationController.swift */,
				17AAAAA92DDAAAAA00D75B34 /* BoardsService.swift */,
				171A76AD2DD848FB00D75B34 /* UIImage+Extensions.swift */,
				17MEDIASETTINGS1234567890AC /* MediaSettings.swift */,
				171A75DF2DD6F9FF00D75B34 /* AdvancedFilter.swift */,
				171A75DE2DD6F9FF00D75B34 /* ContentFilterManager.swift */,
				171A76B72DD8725800D75B34 /* ConflictResolutionManager.swift */,
				171A76B52DD869EA00D75B34 /* ICloudSyncManager.swift */,
				171A75E12DD6F9FF00D75B34 /* ThreadDataHelper.swift */,
				1A2B3C4D5E6F708190A1B2D1 /* ThreadViewControllerFactory.swift */,
				17HIDDENBOARDS1234567890 /* HiddenBoardsManager.swift */,
				9D2E301682B7B21B349D7F21 /* NotificationManager.swift */,
				9D2E301682B7B21B349D7F27 /* ReverseImageSearchManager.swift */,
				9D2E301682B7B21B349D7F25 /* WatchedPostsManager.swift */,
				C6FDA15CDA6C49429CC6FA60 /* WatchRulesManager.swift */,
				171A75E02DD6F9FF00D75B34 /* ThreadCacheManager.swift */,
				17FONTSCALE123456789012 /* FontScaleManager.swift */,
				17GRIDITEMSIZE1234567890 /* GridItemSizeManager.swift */,
				17GALCELLSZE514C4FCA3407 /* GalleryCellSizeManager.swift */,
				17THUMBNAILSIZE1234567890 /* ThumbnailSizeManager.swift */,
				17HOVERPREVM1234567890AB /* HoverPreviewManager.swift */,
				9D2E301682B7B21B349D7F30 /* DownloadedMediaTracker.swift */,
				17STAT0012DE9000000000002 /* StatisticsManager.swift */,
				17KEYCHAIN1234567890123456 /* KeychainHelper.swift */,
				17PASSAUTH1234567890123456 /* PassAuthManager.swift */,
				17POSTING1234567890123456 /* PostingManager.swift */,
				4942D923E23CA6525D9C7DF8 /* MyPostsManager.swift */,
				2F9A198E29A7FE3A132589B2 /* BackgroundTaskManager.swift */,
				F2C1A9B0D3E4F5A6B7C8D9E0 /* FontScaleManager.swift */,
				17WEBMCONV00000000000001 /* WebMConversionService.swift */,
			);
			path = Utilities;
			sourceTree = "<group>";
		};
		1731C6BF2CD15F4800764AED /* Application */ = {
			isa = PBXGroup;
			children = (
				176EC64A2245F145009F2A8D /* Info.plist */,
				176EC63E2245F144009F2A8D /* AppDelegate.swift */,
				176EC6452245F145009F2A8D /* Assets.xcassets */,
			);
			path = Application;
			sourceTree = "<group>";
		};
		1731C6C12CD15FCD00764AED /* ViewControllers */ = {
			isa = PBXGroup;
			children = (
				17E4BB6F2D87E44A0059D400 /* ThemeManager.swift */,
				1781F6442CEEEBA800CE243D /* Home */,
				1731C6C62CD1606000764AED /* Board */,
				1731C6C72CD1608800764AED /* Thread Replies */,
				179B6B992CDDF0910099D980 /* Show Media */,
				E56DB976A7D2205FD52D9C61 /* Downloads */,
				17POSTINGGROUP12345678901 /* Posting */,
			);
			path = ViewControllers;
			sourceTree = "<group>";
		};
		1731C6C62CD1606000764AED /* Board */ = {
			isa = PBXGroup;
			children = (
				17737E2E2CDC6F5000DF0874 /* boardTV.swift */,
				17737E302CDC6F6400DF0874 /* boardTVCell.swift */,
				1A2B3C4D5E6F708190A1B2D2 /* threadCatalogCV.swift */,
				1A2B3C4D5E6F708190A1B2D3 /* threadCatalogCell.swift */,
			);
			path = Board;
			sourceTree = "<group>";
		};
		1731C6C72CD1608800764AED /* Thread Replies */ = {
			isa = PBXGroup;
			children = (
				17737E2A2CDC6F3600DF0874 /* threadRepliesCell.swift */,
				17737E2B2CDC6F3600DF0874 /* threadRepliesTV.swift */,
				17C1AE752CE6FFCA00D6FF84 /* TextFormatter.swift */,
				17LINKPREV12345678901235 /* LinkPreviewManager.swift */,
				17CODESYNTAX123456789013 /* CodeSyntaxHighlighter.swift */,
				17MATHRENDER123456789013 /* MathRenderer.swift */,
				17ENHANCEDTF123456789013 /* EnhancedTextFormatter.swift */,
			);
			path = "Thread Replies";
			sourceTree = "<group>";
		};
		1731C6EF2CD163A400764AED /* Channer */ = {
			isa = PBXGroup;
			children = (
				1797989B2CF7CBBF00486211 /* Channer.entitlements */,
				1731C6BF2CD15F4800764AED /* Application */,
				1731C6C12CD15FCD00764AED /* ViewControllers */,
				17MODELSGROUP1234567890123 /* Models */,
				171A75E22DD6F9FF00D75B34 /* Utilities */,
				17STAT0012DE9000000000007 /* Views */,
			);
			path = Channer;
			sourceTree = "<group>";
		};
		176EC6322245F144009F2A8D = {
			isa = PBXGroup;
			children = (
				1731C6EF2CD163A400764AED /* Channer */,
				176EC6522245F145009F2A8D /* ChannerTests */,
				176EC65D2245F145009F2A8D /* ChannerUITests */,
				176EC63C2245F144009F2A8D /* Products */,
				AC3604446C27C59126897FDB /* Frameworks */,
				3494BEC0728543465E8672D9 /* Pods */,
				BB08F7BEAA7D678B23601FE5 /* DownloadItem.swift */,
				B096411F96C0E3BB6BEAC107 /* DownloadManagerService.swift */,
				4D48D859953D3D65A9888B85 /* DownloadManagerViewController.swift */,
				F27EE012E595EAEFE6447B27 /* DownloadItemCell.swift */,
			);
			sourceTree = "<group>";
		};
		176EC63C2245F144009F2A8D /* Products */ = {
			isa = PBXGroup;
			children = (
				176EC63B2245F144009F2A8D /* Channer.app */,
				176EC64F2245F145009F2A8D /* ChannerTests.xctest */,
				176EC65A2245F145009F2A8D /* ChannerUITests.xctest */,
			);
			name = Products;
			sourceTree = "<group>";
		};
		176EC6522245F145009F2A8D /* ChannerTests */ = {
			isa = PBXGroup;
			children = (
				176EC6532245F145009F2A8D /* _chanTests.swift */,
				176EC6552245F145009F2A8D /* Info.plist */,
				331D674C0D11070FD99F1ECA /* Helpers */,
				98ECD094AFC59DAA4571BDF7 /* Mocks */,
				73289B01968C8139F87818E7 /* Managers */,
				7DEF716F37062B5A079B4A06 /* Models */,
			);
			path = ChannerTests;
			sourceTree = "<group>";
		};
		176EC65D2245F145009F2A8D /* ChannerUITests */ = {
			isa = PBXGroup;
			children = (
				176EC65E2245F145009F2A8D /* _chanUITests.swift */,
				176EC6602245F145009F2A8D /* Info.plist */,
				CF9E579C781D938EDD236B8B /* Screens */,
			);
			path = ChannerUITests;
			sourceTree = "<group>";
		};
		1781F6442CEEEBA800CE243D /* Home */ = {
			isa = PBXGroup;
			children = (
				171A83472DDD36CC00D75B34 /* boardsTV.swift */,
				171A83482DDD36CC00D75B34 /* boardsTVCell.swift */,
				178E88F72CFA6EE000810132 /* settings.swift */,
				17CF001A2DDD000000000001 /* ContentFilterViewController.swift */,
				DB24C0E0851E4B559C176A01 /* WatchRulesViewController.swift */,
				17AF001A2DDD000000000001 /* AdvancedFilterViewController.swift */,
				171A76172DD83C6F00D75B34 /* SearchManager.swift */,
				171A76182DD83C6F00D75B34 /* SearchViewController.swift */,
				17SEARCHFILTERS123456789001 /* SearchFilters.swift */,
				17SEARCHFILTERSVC1234567890 /* SearchFiltersViewController.swift */,
				17BOARDPICKER123456789001 /* BoardPickerViewController.swift */,
				171A75F32DD7B19600D75B34 /* CategorizedFavoritesViewController.swift */,
				171A75F52DD7B1D400D75B34 /* CategoryManagerViewController.swift */,
				171A76B92DD8726100D75B34 /* ConflictResolutionViewController.swift */,
				9F2E301682B7B21B349D7F23 /* NotificationsViewController.swift */,
				17PASSSETTINGS12345678901 /* PassSettingsViewController.swift */,
				1781F6452CEEEC7B00CE243D /* boardCVCell.swift */,
				1781F6462CEEEC7B00CE243D /* boardsCV.swift */,
				178E5E9E2CE4894800B2A9C5 /* FavoritesManager.swift */,
				17HIDDENBOARDSVC12345678 /* HiddenBoardsViewController.swift */,
				1776B0A72CE3079E00B304E7 /* HistoryManager.swift */,
				179B6B952CDDEC960099D980 /* FilesListVC.swift */,
				17STAT0012DE9000000000006 /* StatisticsDashboardViewController.swift */,
				16E7E5B1790BDC60E3BB87F9 /* DebugViewController.swift */,
			);
			path = Home;
			sourceTree = "<group>";
		};
		179B6B992CDDF0910099D980 /* Show Media */ = {
			isa = PBXGroup;
			children = (
				177BC7F22CDECC2D000FE370 /* ThumbnailGridVC.swift */,
				179B6B972CDDF06D0099D980 /* ImageGalleryVC.swift */,
				177BC7F42CDECD05000FE370 /* ImageViewController.swift */,
				17IMAGECROPVC1234567890AC /* ImageCropViewController.swift */,
				177BC7F02CDEC27A000FE370 /* WebMThumbnailCell.swift */,
				170F90E622506E7C00F52BBD /* WebMViewController.swift */,
				17DD68412249B84100641BCA /* urlWeb.swift */,
			);
			path = "Show Media";
			sourceTree = "<group>";
		};
		17MODELSGROUP1234567890123 /* Models */ = {
			isa = PBXGroup;
			children = (
				17POSTDATA1234567890123456 /* PostData.swift */,
				17POSTRESULT123456789012 /* PostResult.swift */,
			);
			path = Models;
			sourceTree = "<group>";
		};
		17POSTINGGROUP12345678901 /* Posting */ = {
			isa = PBXGroup;
			children = (
				17COMPOSE123456789012345 /* ComposeViewController.swift */,
				17IMAGEPICKER12345678901 /* ImagePickerHelper.swift */,
			);
			path = Posting;
			sourceTree = "<group>";
		};
		17STAT0012DE9000000000007 /* Views */ = {
			isa = PBXGroup;
			children = (
				17STAT0012DE9000000000008 /* Charts */,
			);
			path = Views;
			sourceTree = "<group>";
		};
		17STAT0012DE9000000000008 /* Charts */ = {
			isa = PBXGroup;
			children = (
				17STAT0012DE9000000000004 /* ChartViews.swift */,
			);
			path = Charts;
			sourceTree = "<group>";
		};
		331D674C0D11070FD99F1ECA /* Helpers */ = {
			isa = PBXGroup;
			children = (
				8FBBB14E76514DD70F5D6CC5 /* TestHelpers.swift */,
				EFA66EA9C6A1157602363084 /* TestData.swift */,
				3C335E2377BA19B313347A8C /* TestDataFactory.swift */,
				9DDA5813C4F3AC4933EE79F6 /* XCTestCase+Helpers.swift */,
			);
			name = Helpers;
			sourceTree = "<group>";
		};
		3494BEC0728543465E8672D9 /* Pods */ = {
			isa = PBXGroup;
			children = (
			);
			path = Pods;
			sourceTree = "<group>";
		};
		73289B01968C8139F87818E7 /* Managers */ = {
			isa = PBXGroup;
			children = (
				6FBA6566986468E56F4F3023 /* FavoritesManagerTests.swift */,
				3753B46632493C25266524D4 /* ThreadCacheManagerTests.swift */,
				D0F22EE2CADB754B09D9DCBA /* HistoryManagerTests.swift */,
				92384100D50DF2DC8905F7E0 /* NotificationManagerTests.swift */,
				EC381610AE01474F79CCF131 /* ContentFilterManagerTests.swift */,
				5B7F196FC7ADB74431A026D5 /* ThemeManagerTests.swift */,
			);
			name = Managers;
			sourceTree = "<group>";
		};
		7DEF716F37062B5A079B4A06 /* Models */ = {
			isa = PBXGroup;
			children = (
				E195CC9FDB0228531243ED10 /* BookmarkCategoryTests.swift */,
			);
			name = Models;
			sourceTree = "<group>";
		};
		98ECD094AFC59DAA4571BDF7 /* Mocks */ = {
			isa = PBXGroup;
			children = (
				25F7DF6E82957B2EE8AF34DD /* MockUserDefaults.swift */,
				108D0B6B7AC28F8A8AB0537A /* MockiCloudStore.swift */,
				EC297AAB893B7F131F3E266D /* MockFileManager.swift */,
				013F035BAC40E84B14F84DFB /* MockAlamofireSession.swift */,
				EF49085C8199BDDD4A4E73C2 /* MockKingfisher.swift */,
				CC6A30E14407AFCD5A0CC09B /* MockAuthenticationContext.swift */,
			);
			name = Mocks;
			sourceTree = "<group>";
		};
		AC3604446C27C59126897FDB /* Frameworks */ = {
			isa = PBXGroup;
			children = (
				17VLC001A2DD8000000000001 /* VLCKit.xcframework */,
				179798992CF7A37300486211 /* LocalAuthentication.framework */,
				17FFMPEG0001000000000001 /* ffmpegkit.xcframework */,
				17FFMPEG0002000000000001 /* libavcodec.xcframework */,
				17FFMPEG0003000000000001 /* libavdevice.xcframework */,
				17FFMPEG0004000000000001 /* libavfilter.xcframework */,
				17FFMPEG0005000000000001 /* libavformat.xcframework */,
				17FFMPEG0006000000000001 /* libavutil.xcframework */,
				17FFMPEG0007000000000001 /* libswresample.xcframework */,
				17FFMPEG0008000000000001 /* libswscale.xcframework */,
			);
			name = Frameworks;
			sourceTree = "<group>";
		};
		CF9E579C781D938EDD236B8B /* Screens */ = {
			isa = PBXGroup;
			children = (
				BC8E62F5D39F3970922C6DCE /* BoardListScreenTests.swift */,
			);
			name = Screens;
			sourceTree = "<group>";
		};
		E56DB976A7D2205FD52D9C61 /* Downloads */ = {
			isa = PBXGroup;
			children = (
			);
			name = Downloads;
			path = Channer/ViewControllers/Downloads;
			sourceTree = "<group>";
		};
/* End PBXGroup section */

/* Begin PBXNativeTarget section */
		176EC63A2245F144009F2A8D /* Channer */ = {
			isa = PBXNativeTarget;
			buildConfigurationList = 176EC6632245F145009F2A8D /* Build configuration list for PBXNativeTarget "Channer" */;
			buildPhases = (
				176EC6372245F144009F2A8D /* Sources */,
				176EC6382245F144009F2A8D /* Frameworks */,
				176EC6392245F144009F2A8D /* Resources */,
				17VLC001A2DD8000000000004 /* Embed Frameworks */,
			);
			buildRules = (
			);
			dependencies = (
			);
			name = Channer;
			packageProductDependencies = (
				17SPM001A2DD8000000000004 /* SwiftyJSON */,
				17SPM001A2DD8000000000005 /* Alamofire */,
				17SPM001A2DD8000000000006 /* Kingfisher */,
			);
			productName = 4chan;
			productReference = 176EC63B2245F144009F2A8D /* Channer.app */;
			productType = "com.apple.product-type.application";
		};
		176EC64E2245F145009F2A8D /* ChannerTests */ = {
			isa = PBXNativeTarget;
			buildConfigurationList = 176EC6662245F145009F2A8D /* Build configuration list for PBXNativeTarget "ChannerTests" */;
			buildPhases = (
				176EC64B2245F145009F2A8D /* Sources */,
				176EC64C2245F145009F2A8D /* Frameworks */,
				176EC64D2245F145009F2A8D /* Resources */,
			);
			buildRules = (
			);
			dependencies = (
				176EC6512245F145009F2A8D /* PBXTargetDependency */,
			);
			name = ChannerTests;
			productName = 4chanTests;
			productReference = 176EC64F2245F145009F2A8D /* ChannerTests.xctest */;
			productType = "com.apple.product-type.bundle.unit-test";
		};
		176EC6592245F145009F2A8D /* ChannerUITests */ = {
			isa = PBXNativeTarget;
			buildConfigurationList = 176EC6692245F145009F2A8D /* Build configuration list for PBXNativeTarget "ChannerUITests" */;
			buildPhases = (
				176EC6562245F145009F2A8D /* Sources */,
				176EC6572245F145009F2A8D /* Frameworks */,
				176EC6582245F145009F2A8D /* Resources */,
			);
			buildRules = (
			);
			dependencies = (
				176EC65C2245F145009F2A8D /* PBXTargetDependency */,
			);
			name = ChannerUITests;
			productName = 4chanUITests;
			productReference = 176EC65A2245F145009F2A8D /* ChannerUITests.xctest */;
			productType = "com.apple.product-type.bundle.ui-testing";
		};
/* End PBXNativeTarget section */

/* Begin PBXProject section */
		176EC6332245F144009F2A8D /* Project object */ = {
			isa = PBXProject;
			attributes = {
				BuildIndependentTargetsInParallel = YES;
				LastSwiftUpdateCheck = 1010;
				LastUpgradeCheck = 1610;
				ORGANIZATIONNAME = x;
				TargetAttributes = {
					176EC63A2245F144009F2A8D = {
						CreatedOnToolsVersion = 10.1;
					};
					176EC64E2245F145009F2A8D = {
						CreatedOnToolsVersion = 10.1;
						TestTargetID = 176EC63A2245F144009F2A8D;
					};
					176EC6592245F145009F2A8D = {
						CreatedOnToolsVersion = 10.1;
						TestTargetID = 176EC63A2245F144009F2A8D;
					};
				};
			};
			buildConfigurationList = 176EC6362245F144009F2A8D /* Build configuration list for PBXProject "Channer" */;
			compatibilityVersion = "Xcode 9.3";
			developmentRegion = en;
			hasScannedForEncodings = 0;
			knownRegions = (
				en,
				Base,
			);
			mainGroup = 176EC6322245F144009F2A8D;
			packageReferences = (
				17SPM001A2DD8000000000001 /* XCRemoteSwiftPackageReference "SwiftyJSON" */,
				17SPM001A2DD8000000000002 /* XCRemoteSwiftPackageReference "Alamofire" */,
				17SPM001A2DD8000000000003 /* XCRemoteSwiftPackageReference "Kingfisher" */,
			);
			productRefGroup = 176EC63C2245F144009F2A8D /* Products */;
			projectDirPath = "";
			projectRoot = "";
			targets = (
				176EC63A2245F144009F2A8D /* Channer */,
				176EC64E2245F145009F2A8D /* ChannerTests */,
				176EC6592245F145009F2A8D /* ChannerUITests */,
			);
		};
/* End PBXProject section */

/* Begin PBXResourcesBuildPhase section */
		176EC6392245F144009F2A8D /* Resources */ = {
			isa = PBXResourcesBuildPhase;
			buildActionMask = 2147483647;
			files = (
				176EC6462245F145009F2A8D /* Assets.xcassets in Resources */,
			);
			runOnlyForDeploymentPostprocessing = 0;
		};
		176EC64D2245F145009F2A8D /* Resources */ = {
			isa = PBXResourcesBuildPhase;
			buildActionMask = 2147483647;
			files = (
			);
			runOnlyForDeploymentPostprocessing = 0;
		};
		176EC6582245F145009F2A8D /* Resources */ = {
			isa = PBXResourcesBuildPhase;
			buildActionMask = 2147483647;
			files = (
			);
			runOnlyForDeploymentPostprocessing = 0;
		};
/* End PBXResourcesBuildPhase section */

/* Begin PBXSourcesBuildPhase section */
		176EC6372245F144009F2A8D /* Sources */ = {
			isa = PBXSourcesBuildPhase;
			buildActionMask = 2147483647;
			files = (
				17AAAAAA2DDAAAAA00D75B34 /* BoardsService.swift in Sources */,
				17DD68422249B84100641BCA /* urlWeb.swift in Sources */,
				1776B0A82CE307A300B304E7 /* HistoryManager.swift in Sources */,
				171A75F62DD7B1D400D75B34 /* CategoryManagerViewController.swift in Sources */,
				171A76AE2DD848FB00D75B34 /* UIImage+Extensions.swift in Sources */,
				17MEDIASETTINGS1234567890AB /* MediaSettings.swift in Sources */,
				17737E2C2CDC6F3600DF0874 /* threadRepliesTV.swift in Sources */,
				171A76B82DD8725800D75B34 /* ConflictResolutionManager.swift in Sources */,
				17737E2D2CDC6F3600DF0874 /* threadRepliesCell.swift in Sources */,
				177BC7F12CDEC27C000FE370 /* WebMThumbnailCell.swift in Sources */,
				171A76BA2DD8726100D75B34 /* ConflictResolutionViewController.swift in Sources */,
				171A76B62DD869EA00D75B34 /* ICloudSyncManager.swift in Sources */,
				17HIDDENBOARDSBUILD123456 /* HiddenBoardsManager.swift in Sources */,
				17HIDDENBOARDSVCBUILD1234 /* HiddenBoardsViewController.swift in Sources */,
				9C2E301682B7B21B349D7F28 /* BatchImageDownloadManager.swift in Sources */,
				9C2E301682B7B21B349D7F31 /* DownloadedMediaTracker.swift in Sources */,
				9C2E301682B7B21B349D7F20 /* NotificationManager.swift in Sources */,
				9C2E301682B7B21B349D7F26 /* ReverseImageSearchManager.swift in Sources */,
				9C2E301682B7B21B349D7F24 /* WatchedPostsManager.swift in Sources */,
				29D75CA684814E9091D214D9 /* WatchRulesManager.swift in Sources */,
				9E2E301682B7B21B349D7F22 /* NotificationsViewController.swift in Sources */,
				170F90E722506E7C00F52BBD /* WebMViewController.swift in Sources */,
				178E5E9F2CE4895200B2A9C5 /* FavoritesManager.swift in Sources */,
				17E4BB702D87E44A0059D400 /* ThemeManager.swift in Sources */,
				179B6B962CDDEC9A0099D980 /* FilesListVC.swift in Sources */,
				179B6B982CDDF0780099D980 /* ImageGalleryVC.swift in Sources */,
				17737E312CDC6F6400DF0874 /* boardTVCell.swift in Sources */,
				1A2B3C4D5E6F708190A1B2E2 /* threadCatalogCV.swift in Sources */,
				1A2B3C4D5E6F708190A1B2E3 /* threadCatalogCell.swift in Sources */,
				177BC7F32CDECC2E000FE370 /* ThumbnailGridVC.swift in Sources */,
				17C1AE762CE6FFCE00D6FF84 /* TextFormatter.swift in Sources */,
				17LINKPREV12345678901234 /* LinkPreviewManager.swift in Sources */,
				17CODESYNTAX123456789012 /* CodeSyntaxHighlighter.swift in Sources */,
				17MATHRENDER123456789012 /* MathRenderer.swift in Sources */,
				17ENHANCEDTF123456789012 /* EnhancedTextFormatter.swift in Sources */,
				171A75F42DD7B19600D75B34 /* CategorizedFavoritesViewController.swift in Sources */,
				177BC7F52CDECD0B000FE370 /* ImageViewController.swift in Sources */,
				17IMAGECROPVC1234567890AB /* ImageCropViewController.swift in Sources */,
				171A75E32DD6F9FF00D75B34 /* ThreadDataHelper.swift in Sources */,
				171A75E42DD6F9FF00D75B34 /* AdvancedFilter.swift in Sources */,
				171A75E52DD6F9FF00D75B34 /* ContentFilterManager.swift in Sources */,
				171A75E62DD6F9FF00D75B34 /* ThreadCacheManager.swift in Sources */,
				1A2B3C4D5E6F708190A1B2E1 /* ThreadViewControllerFactory.swift in Sources */,
				17FONTSCALEBUILD1234567890 /* FontScaleManager.swift in Sources */,
				17GRIDITEMSIZEBUILD1234 /* GridItemSizeManager.swift in Sources */,
				17GALCELLSZBLD682AB7B18D /* GalleryCellSizeManager.swift in Sources */,
				17THUMBNAILSIZEBUILD1234 /* ThumbnailSizeManager.swift in Sources */,
				17HOVERPREVBLD1234567890 /* HoverPreviewManager.swift in Sources */,
		171A83492DDD36CC00D75B34 /* boardsTVCell.swift in Sources */,
		171A834A2DDD36CC00D75B34 /* boardsTV.swift in Sources */,
				17737E2F2CDC6F5000DF0874 /* boardTV.swift in Sources */,
				176EC63F2245F144009F2A8D /* AppDelegate.swift in Sources */,
				1781F6472CEEEC7B00CE243D /* boardCVCell.swift in Sources */,
				178E88F82CFA6EEA00810132 /* settings.swift in Sources */,
				17CF001A2DDD000000000002 /* ContentFilterViewController.swift in Sources */,
				3DD4F12F5AD54324985C558C /* WatchRulesViewController.swift in Sources */,
				17AF001A2DDD000000000002 /* AdvancedFilterViewController.swift in Sources */,
				1781F6482CEEEC7B00CE243D /* boardsCV.swift in Sources */,
				171A76192DD83C6F00D75B34 /* SearchManager.swift in Sources */,
				171A761A2DD83C6F00D75B34 /* SearchViewController.swift in Sources */,
				17SEARCHFILTERSBUILD1234567890 /* SearchFilters.swift in Sources */,
				17SEARCHFILTERSVCBUILD123456789 /* SearchFiltersViewController.swift in Sources */,
				17BOARDPICKERBUILD1234567890 /* BoardPickerViewController.swift in Sources */,
				4B777D3D1563F3F2B0ED5C80 /* DownloadItem.swift in Sources */,
				5655ABED6489BBB2B80A4C6F /* DownloadManagerService.swift in Sources */,
				F18EAFB93C6F55EE34E23ADF /* DownloadManagerViewController.swift in Sources */,
				BD7715E05586D45E8CEF0134 /* DownloadItemCell.swift in Sources */,
				17STAT0012DE9000000000001 /* StatisticsManager.swift in Sources */,
				17STAT0012DE9000000000003 /* ChartViews.swift in Sources */,
				17STAT0012DE9000000000005 /* StatisticsDashboardViewController.swift in Sources */,
				17KEYCHAINBUILD123456789 /* KeychainHelper.swift in Sources */,
				17PASSAUTHBUILD123456789 /* PassAuthManager.swift in Sources */,
				17POSTINGBUILD1234567890 /* PostingManager.swift in Sources */,
				17POSTDATABUILD123456789 /* PostData.swift in Sources */,
				17POSTRESULTBUILD12345678 /* PostResult.swift in Sources */,
				17PASSSETTINGSBUILD123456 /* PassSettingsViewController.swift in Sources */,
				17COMPOSEBUILD12345678901 /* ComposeViewController.swift in Sources */,
				17IMAGEPICKERBUILD1234567 /* ImagePickerHelper.swift in Sources */,
				79D4827A7F01690CE0DE7CC8 /* MyPostsManager.swift in Sources */,
				3DFA04AEDE7C021FCD1F4204 /* BackgroundTaskManager.swift in Sources */,
				A9B8C7D6E5F4A3B2C1D0E9F8 /* FontScaleManager.swift in Sources */,
				EFC932FCD2334941542906FA /* DebugViewController.swift in Sources */,
				17CATALYSTNAVBUILD1234AB /* CatalystNavigationController.swift in Sources */,
				17WEBMCONVBUILD0000000001 /* WebMConversionService.swift in Sources */,
			);
			runOnlyForDeploymentPostprocessing = 0;
		};
		176EC64B2245F145009F2A8D /* Sources */ = {
			isa = PBXSourcesBuildPhase;
			buildActionMask = 2147483647;
			files = (
				176EC6542245F145009F2A8D /* _chanTests.swift in Sources */,
				C10E6AA11F575138A9187F35 /* TestHelpers.swift in Sources */,
				398C079F757502D0249990B4 /* TestData.swift in Sources */,
				B65284C13704B5B149CF6B14 /* TestDataFactory.swift in Sources */,
				9857759C52EA1EFB8C79A9D8 /* XCTestCase+Helpers.swift in Sources */,
				F373148E1239639ACD55DCC1 /* MockUserDefaults.swift in Sources */,
				077FBC6D9ED3D7B92FB5B6A4 /* MockiCloudStore.swift in Sources */,
				D7CBE663CD6B64C84519B644 /* MockFileManager.swift in Sources */,
				66E0AD70DA724EB9F4668E2B /* MockAlamofireSession.swift in Sources */,
				66C8421B5C76147DE06BEEAB /* MockAuthenticationContext.swift in Sources */,
				15D70A1F707893C4092119E7 /* FavoritesManagerTests.swift in Sources */,
				3F948296C1FCC681B15A3958 /* ThreadCacheManagerTests.swift in Sources */,
				D473796E4673EA858757625F /* HistoryManagerTests.swift in Sources */,
				060777FCC624E00A8B6C1969 /* NotificationManagerTests.swift in Sources */,
				41EBC7A30119EB0BE471464F /* ContentFilterManagerTests.swift in Sources */,
				943C1B0FE8E2F861AF0D5E8D /* ThemeManagerTests.swift in Sources */,
				A99069598E571715C5D821E8 /* BookmarkCategoryTests.swift in Sources */,
			);
			runOnlyForDeploymentPostprocessing = 0;
		};
		176EC6562245F145009F2A8D /* Sources */ = {
			isa = PBXSourcesBuildPhase;
			buildActionMask = 2147483647;
			files = (
				176EC65F2245F145009F2A8D /* _chanUITests.swift in Sources */,
				BA88C64EC253011BDEAAE735 /* BoardListScreenTests.swift in Sources */,
			);
			runOnlyForDeploymentPostprocessing = 0;
		};
/* End PBXSourcesBuildPhase section */

/* Begin PBXTargetDependency section */
		176EC6512245F145009F2A8D /* PBXTargetDependency */ = {
			isa = PBXTargetDependency;
			target = 176EC63A2245F144009F2A8D /* Channer */;
			targetProxy = 176EC6502245F145009F2A8D /* PBXContainerItemProxy */;
		};
		176EC65C2245F145009F2A8D /* PBXTargetDependency */ = {
			isa = PBXTargetDependency;
			target = 176EC63A2245F144009F2A8D /* Channer */;
			targetProxy = 176EC65B2245F145009F2A8D /* PBXContainerItemProxy */;
		};
/* End PBXTargetDependency section */

/* Begin XCBuildConfiguration section */
		176EC6612245F145009F2A8D /* Debug */ = {
			isa = XCBuildConfiguration;
			buildSettings = {
				ALWAYS_SEARCH_USER_PATHS = NO;
				CLANG_ANALYZER_NONNULL = YES;
				CLANG_ANALYZER_NUMBER_OBJECT_CONVERSION = YES_AGGRESSIVE;
				CLANG_CXX_LANGUAGE_STANDARD = "gnu++14";
				CLANG_CXX_LIBRARY = "libc++";
				CLANG_ENABLE_MODULES = YES;
				CLANG_ENABLE_OBJC_ARC = YES;
				CLANG_ENABLE_OBJC_WEAK = YES;
				CLANG_WARN_BLOCK_CAPTURE_AUTORELEASING = YES;
				CLANG_WARN_BOOL_CONVERSION = YES;
				CLANG_WARN_COMMA = YES;
				CLANG_WARN_CONSTANT_CONVERSION = YES;
				CLANG_WARN_DEPRECATED_OBJC_IMPLEMENTATIONS = YES;
				CLANG_WARN_DIRECT_OBJC_ISA_USAGE = YES_ERROR;
				CLANG_WARN_DOCUMENTATION_COMMENTS = YES;
				CLANG_WARN_EMPTY_BODY = YES;
				CLANG_WARN_ENUM_CONVERSION = YES;
				CLANG_WARN_INFINITE_RECURSION = YES;
				CLANG_WARN_INT_CONVERSION = YES;
				CLANG_WARN_NON_LITERAL_NULL_CONVERSION = YES;
				CLANG_WARN_OBJC_IMPLICIT_RETAIN_SELF = YES;
				CLANG_WARN_OBJC_LITERAL_CONVERSION = YES;
				CLANG_WARN_OBJC_ROOT_CLASS = YES_ERROR;
				CLANG_WARN_QUOTED_INCLUDE_IN_FRAMEWORK_HEADER = YES;
				CLANG_WARN_RANGE_LOOP_ANALYSIS = YES;
				CLANG_WARN_STRICT_PROTOTYPES = YES;
				CLANG_WARN_SUSPICIOUS_MOVE = YES;
				CLANG_WARN_UNGUARDED_AVAILABILITY = YES_AGGRESSIVE;
				CLANG_WARN_UNREACHABLE_CODE = YES;
				CLANG_WARN__DUPLICATE_METHOD_MATCH = YES;
				CODE_SIGN_IDENTITY = "iPhone Developer";
				COPY_PHASE_STRIP = NO;
				DEBUG_INFORMATION_FORMAT = dwarf;
				ENABLE_STRICT_OBJC_MSGSEND = YES;
				ENABLE_TESTABILITY = YES;
				ENABLE_USER_SCRIPT_SANDBOXING = YES;
				FRAMEWORK_SEARCH_PATHS = "$(inherited)";
				GCC_C_LANGUAGE_STANDARD = gnu11;
				GCC_DYNAMIC_NO_PIC = NO;
				GCC_NO_COMMON_BLOCKS = YES;
				GCC_OPTIMIZATION_LEVEL = 0;
				GCC_PREPROCESSOR_DEFINITIONS = (
					"DEBUG=1",
					"$(inherited)",
				);
				GCC_WARN_64_TO_32_BIT_CONVERSION = YES;
				GCC_WARN_ABOUT_RETURN_TYPE = YES_ERROR;
				GCC_WARN_UNDECLARED_SELECTOR = YES;
				GCC_WARN_UNINITIALIZED_AUTOS = YES_AGGRESSIVE;
				GCC_WARN_UNUSED_FUNCTION = YES;
				GCC_WARN_UNUSED_VARIABLE = YES;
				IPHONEOS_DEPLOYMENT_TARGET = 12.1;
				MTL_ENABLE_DEBUG_INFO = INCLUDE_SOURCE;
				MTL_FAST_MATH = YES;
				ONLY_ACTIVE_ARCH = YES;
				SDKROOT = iphoneos;
				SWIFT_ACTIVE_COMPILATION_CONDITIONS = DEBUG;
				SWIFT_OPTIMIZATION_LEVEL = "-Onone";
			};
			name = Debug;
		};
		176EC6622245F145009F2A8D /* Release */ = {
			isa = XCBuildConfiguration;
			buildSettings = {
				ALWAYS_SEARCH_USER_PATHS = NO;
				CLANG_ANALYZER_NONNULL = YES;
				CLANG_ANALYZER_NUMBER_OBJECT_CONVERSION = YES_AGGRESSIVE;
				CLANG_CXX_LANGUAGE_STANDARD = "gnu++14";
				CLANG_CXX_LIBRARY = "libc++";
				CLANG_ENABLE_MODULES = YES;
				CLANG_ENABLE_OBJC_ARC = YES;
				CLANG_ENABLE_OBJC_WEAK = YES;
				CLANG_WARN_BLOCK_CAPTURE_AUTORELEASING = YES;
				CLANG_WARN_BOOL_CONVERSION = YES;
				CLANG_WARN_COMMA = YES;
				CLANG_WARN_CONSTANT_CONVERSION = YES;
				CLANG_WARN_DEPRECATED_OBJC_IMPLEMENTATIONS = YES;
				CLANG_WARN_DIRECT_OBJC_ISA_USAGE = YES_ERROR;
				CLANG_WARN_DOCUMENTATION_COMMENTS = YES;
				CLANG_WARN_EMPTY_BODY = YES;
				CLANG_WARN_ENUM_CONVERSION = YES;
				CLANG_WARN_INFINITE_RECURSION = YES;
				CLANG_WARN_INT_CONVERSION = YES;
				CLANG_WARN_NON_LITERAL_NULL_CONVERSION = YES;
				CLANG_WARN_OBJC_IMPLICIT_RETAIN_SELF = YES;
				CLANG_WARN_OBJC_LITERAL_CONVERSION = YES;
				CLANG_WARN_OBJC_ROOT_CLASS = YES_ERROR;
				CLANG_WARN_QUOTED_INCLUDE_IN_FRAMEWORK_HEADER = YES;
				CLANG_WARN_RANGE_LOOP_ANALYSIS = YES;
				CLANG_WARN_STRICT_PROTOTYPES = YES;
				CLANG_WARN_SUSPICIOUS_MOVE = YES;
				CLANG_WARN_UNGUARDED_AVAILABILITY = YES_AGGRESSIVE;
				CLANG_WARN_UNREACHABLE_CODE = YES;
				CLANG_WARN__DUPLICATE_METHOD_MATCH = YES;
				CODE_SIGN_IDENTITY = "iPhone Developer";
				COPY_PHASE_STRIP = NO;
				DEBUG_INFORMATION_FORMAT = "dwarf-with-dsym";
				ENABLE_NS_ASSERTIONS = NO;
				ENABLE_STRICT_OBJC_MSGSEND = YES;
				ENABLE_USER_SCRIPT_SANDBOXING = YES;
				FRAMEWORK_SEARCH_PATHS = "$(inherited)";
				GCC_C_LANGUAGE_STANDARD = gnu11;
				GCC_NO_COMMON_BLOCKS = YES;
				GCC_WARN_64_TO_32_BIT_CONVERSION = YES;
				GCC_WARN_ABOUT_RETURN_TYPE = YES_ERROR;
				GCC_WARN_UNDECLARED_SELECTOR = YES;
				GCC_WARN_UNINITIALIZED_AUTOS = YES_AGGRESSIVE;
				GCC_WARN_UNUSED_FUNCTION = YES;
				GCC_WARN_UNUSED_VARIABLE = YES;
				IPHONEOS_DEPLOYMENT_TARGET = 12.1;
				MTL_ENABLE_DEBUG_INFO = NO;
				MTL_FAST_MATH = YES;
				SDKROOT = iphoneos;
				SWIFT_COMPILATION_MODE = wholemodule;
				SWIFT_OPTIMIZATION_LEVEL = "-O";
				VALIDATE_PRODUCT = YES;
			};
			name = Release;
		};
		176EC6642245F145009F2A8D /* Debug */ = {
			isa = XCBuildConfiguration;
			buildSettings = {
				ASSETCATALOG_COMPILER_APPICON_NAME = AppIcon;
				CODE_SIGN_ENTITLEMENTS = Channer/Channer.entitlements;
				CODE_SIGN_STYLE = Automatic;
				CURRENT_PROJECT_VERSION = 3;
				DEVELOPMENT_TEAM = GVCXLUMS72;
				ENABLE_USER_SCRIPT_SANDBOXING = NO;
				FRAMEWORK_SEARCH_PATHS = (
					"$(inherited)",
					"$(PROJECT_DIR)/Frameworks",
				);
				INFOPLIST_FILE = "$(SRCROOT)/Channer/Application/Info.plist";
				INFOPLIST_KEY_CFBundleDisplayName = Channer;
				IPHONEOS_DEPLOYMENT_TARGET = 15.6;
				LD_RUNPATH_SEARCH_PATHS = (
					"$(inherited)",
					"@executable_path/Frameworks",
				);
				MARKETING_VERSION = 2.2;
				ONLY_ACTIVE_ARCH = YES;
				PRODUCT_BUNDLE_IDENTIFIER = com.newatlantisstudios.channer.app;
				PRODUCT_NAME = "$(TARGET_NAME)";
				SUPPORTED_PLATFORMS = "iphoneos iphonesimulator";
				SUPPORTS_MACCATALYST = YES;
				SUPPORTS_MAC_DESIGNED_FOR_IPHONE_IPAD = NO;
				SUPPORTS_XR_DESIGNED_FOR_IPHONE_IPAD = NO;
				SWIFT_VERSION = 4.2;
				TARGETED_DEVICE_FAMILY = "1,2";
			};
			name = Debug;
		};
		176EC6652245F145009F2A8D /* Release */ = {
			isa = XCBuildConfiguration;
			buildSettings = {
				ASSETCATALOG_COMPILER_APPICON_NAME = AppIcon;
				CODE_SIGN_ENTITLEMENTS = Channer/Channer.entitlements;
				CODE_SIGN_STYLE = Automatic;
				CURRENT_PROJECT_VERSION = 3;
				DEVELOPMENT_TEAM = GVCXLUMS72;
				ENABLE_USER_SCRIPT_SANDBOXING = NO;
				FRAMEWORK_SEARCH_PATHS = (
					"$(inherited)",
					"$(PROJECT_DIR)/Frameworks",
				);
				INFOPLIST_FILE = "$(SRCROOT)/Channer/Application/Info.plist";
				INFOPLIST_KEY_CFBundleDisplayName = Channer;
				IPHONEOS_DEPLOYMENT_TARGET = 15.6;
				LD_RUNPATH_SEARCH_PATHS = (
					"$(inherited)",
					"@executable_path/Frameworks",
				);
				MARKETING_VERSION = 2.2;
				ONLY_ACTIVE_ARCH = NO;
				PRODUCT_BUNDLE_IDENTIFIER = com.newatlantisstudios.channer.app;
				PRODUCT_NAME = "$(TARGET_NAME)";
				SUPPORTED_PLATFORMS = "iphoneos iphonesimulator";
				SUPPORTS_MACCATALYST = YES;
				SUPPORTS_MAC_DESIGNED_FOR_IPHONE_IPAD = NO;
				SUPPORTS_XR_DESIGNED_FOR_IPHONE_IPAD = NO;
				SWIFT_VERSION = 4.2;
				TARGETED_DEVICE_FAMILY = "1,2";
			};
			name = Release;
		};
		176EC6672245F145009F2A8D /* Debug */ = {
			isa = XCBuildConfiguration;
			buildSettings = {
				BUNDLE_LOADER = "$(TEST_HOST)";
				CODE_SIGN_STYLE = Automatic;
				DEVELOPMENT_TEAM = D29CZP69PE;
				INFOPLIST_FILE = ChannerTests/Info.plist;
				IPHONEOS_DEPLOYMENT_TARGET = 15.6;
				LD_RUNPATH_SEARCH_PATHS = (
					"$(inherited)",
					"@executable_path/Frameworks",
					"@loader_path/Frameworks",
				);
				PRODUCT_BUNDLE_IDENTIFIER = "x.-chanTests";
				PRODUCT_NAME = "$(TARGET_NAME)";
				SWIFT_VERSION = 4.2;
				TARGETED_DEVICE_FAMILY = "1,2";
				TEST_HOST = "$(BUILT_PRODUCTS_DIR)/Channer.app/Channer";
			};
			name = Debug;
		};
		176EC6682245F145009F2A8D /* Release */ = {
			isa = XCBuildConfiguration;
			buildSettings = {
				BUNDLE_LOADER = "$(TEST_HOST)";
				CODE_SIGN_STYLE = Automatic;
				DEVELOPMENT_TEAM = D29CZP69PE;
				INFOPLIST_FILE = ChannerTests/Info.plist;
				IPHONEOS_DEPLOYMENT_TARGET = 15.6;
				LD_RUNPATH_SEARCH_PATHS = (
					"$(inherited)",
					"@executable_path/Frameworks",
					"@loader_path/Frameworks",
				);
				PRODUCT_BUNDLE_IDENTIFIER = "x.-chanTests";
				PRODUCT_NAME = "$(TARGET_NAME)";
				SWIFT_VERSION = 4.2;
				TARGETED_DEVICE_FAMILY = "1,2";
				TEST_HOST = "$(BUILT_PRODUCTS_DIR)/Channer.app/Channer";
			};
			name = Release;
		};
		176EC66A2245F145009F2A8D /* Debug */ = {
			isa = XCBuildConfiguration;
			buildSettings = {
				CODE_SIGN_STYLE = Automatic;
				DEVELOPMENT_TEAM = D29CZP69PE;
				INFOPLIST_FILE = ChannerUITests/Info.plist;
				IPHONEOS_DEPLOYMENT_TARGET = 15.6;
				LD_RUNPATH_SEARCH_PATHS = (
					"$(inherited)",
					"@executable_path/Frameworks",
					"@loader_path/Frameworks",
				);
				PRODUCT_BUNDLE_IDENTIFIER = "x.-chanUITests";
				PRODUCT_NAME = "$(TARGET_NAME)";
				SWIFT_VERSION = 4.2;
				TARGETED_DEVICE_FAMILY = "1,2";
				TEST_TARGET_NAME = Channer;
			};
			name = Debug;
		};
		176EC66B2245F145009F2A8D /* Release */ = {
			isa = XCBuildConfiguration;
			buildSettings = {
				CODE_SIGN_STYLE = Automatic;
				DEVELOPMENT_TEAM = D29CZP69PE;
				INFOPLIST_FILE = ChannerUITests/Info.plist;
				IPHONEOS_DEPLOYMENT_TARGET = 15.6;
				LD_RUNPATH_SEARCH_PATHS = (
					"$(inherited)",
					"@executable_path/Frameworks",
					"@loader_path/Frameworks",
				);
				PRODUCT_BUNDLE_IDENTIFIER = "x.-chanUITests";
				PRODUCT_NAME = "$(TARGET_NAME)";
				SWIFT_VERSION = 4.2;
				TARGETED_DEVICE_FAMILY = "1,2";
				TEST_TARGET_NAME = Channer;
			};
			name = Release;
		};
/* End XCBuildConfiguration section */

/* Begin XCConfigurationList section */
		176EC6362245F144009F2A8D /* Build configuration list for PBXProject "Channer" */ = {
			isa = XCConfigurationList;
			buildConfigurations = (
				176EC6612245F145009F2A8D /* Debug */,
				176EC6622245F145009F2A8D /* Release */,
			);
			defaultConfigurationIsVisible = 0;
			defaultConfigurationName = Release;
		};
		176EC6632245F145009F2A8D /* Build configuration list for PBXNativeTarget "Channer" */ = {
			isa = XCConfigurationList;
			buildConfigurations = (
				176EC6642245F145009F2A8D /* Debug */,
				176EC6652245F145009F2A8D /* Release */,
			);
			defaultConfigurationIsVisible = 0;
			defaultConfigurationName = Release;
		};
		176EC6662245F145009F2A8D /* Build configuration list for PBXNativeTarget "ChannerTests" */ = {
			isa = XCConfigurationList;
			buildConfigurations = (
				176EC6672245F145009F2A8D /* Debug */,
				176EC6682245F145009F2A8D /* Release */,
			);
			defaultConfigurationIsVisible = 0;
			defaultConfigurationName = Release;
		};
		176EC6692245F145009F2A8D /* Build configuration list for PBXNativeTarget "ChannerUITests" */ = {
			isa = XCConfigurationList;
			buildConfigurations = (
				176EC66A2245F145009F2A8D /* Debug */,
				176EC66B2245F145009F2A8D /* Release */,
			);
			defaultConfigurationIsVisible = 0;
			defaultConfigurationName = Release;
		};
/* End XCConfigurationList section */

/* Begin XCRemoteSwiftPackageReference section */
		17SPM001A2DD8000000000001 /* XCRemoteSwiftPackageReference "SwiftyJSON" */ = {
			isa = XCRemoteSwiftPackageReference;
			repositoryURL = "https://github.com/SwiftyJSON/SwiftyJSON.git";
			requirement = {
				kind = upToNextMajorVersion;
				minimumVersion = 5.0.0;
			};
		};
		17SPM001A2DD8000000000002 /* XCRemoteSwiftPackageReference "Alamofire" */ = {
			isa = XCRemoteSwiftPackageReference;
			repositoryURL = "https://github.com/Alamofire/Alamofire.git";
			requirement = {
				kind = upToNextMajorVersion;
				minimumVersion = 5.0.0;
			};
		};
		17SPM001A2DD8000000000003 /* XCRemoteSwiftPackageReference "Kingfisher" */ = {
			isa = XCRemoteSwiftPackageReference;
			repositoryURL = "https://github.com/onevcat/Kingfisher.git";
			requirement = {
				kind = upToNextMajorVersion;
				minimumVersion = 8.0.0;
			};
		};
/* End XCRemoteSwiftPackageReference section */

/* Begin XCSwiftPackageProductDependency section */
		17SPM001A2DD8000000000004 /* SwiftyJSON */ = {
			isa = XCSwiftPackageProductDependency;
			package = 17SPM001A2DD8000000000001 /* XCRemoteSwiftPackageReference "SwiftyJSON" */;
			productName = SwiftyJSON;
		};
		17SPM001A2DD8000000000005 /* Alamofire */ = {
			isa = XCSwiftPackageProductDependency;
			package = 17SPM001A2DD8000000000002 /* XCRemoteSwiftPackageReference "Alamofire" */;
			productName = Alamofire;
		};
		17SPM001A2DD8000000000006 /* Kingfisher */ = {
			isa = XCSwiftPackageProductDependency;
			package = 17SPM001A2DD8000000000003 /* XCRemoteSwiftPackageReference "Kingfisher" */;
			productName = Kingfisher;
		};
/* End XCSwiftPackageProductDependency section */
	};
	rootObject = 176EC6332245F144009F2A8D /* Project object */;
}
